{
  "object": {
    "pins": [
      {
        "package": "Neumann",
        "repositoryURL": "https://github.com/MoveUpwards/Neumann.git",
        "state": {
          "branch": null,
          "revision": "f83dc36dae2c345271212154161e48b352cea22f",
          "version": "2.0.1"
        }
      }
    ]
  },
  "version": 1
}
