{
  "object": {
    "pins": [
      {
        "package": "Neumann",
        "repositoryURL": "https://github.com/MoveUpwards/Neumann.git",
        "state": {
          "branch": null,
          "revision": "df20da831b84f0b31b4ac937dd35d198dbb6505b",
          "version": "1.2.0"
        }
      }
    ]
  },
  "version": 1
}
