{
  "object": {
    "pins": [
      {
        "package": "Neumann",
        "repositoryURL": "https://github.com/MoveUpwards/Neumann.git",
        "state": {
          "branch": null,
          "revision": "3a9f120046dee0f298bf37f8f0b3ca37f9ebb44c",
          "version": "2.0.0"
        }
      }
    ]
  },
  "version": 1
}
