PODS:
  - Neumann (1.0.0)

DEPENDENCIES:
  - Neumann (from `~/Projects/MoveUpwards/Neumann`)

EXTERNAL SOURCES:
  Neumann:
    :path: "~/Projects/MoveUpwards/Neumann"

SPEC CHECKSUMS:
  Neumann: fea4bac8db6b97f59f233f62acda14a924bef6cf

PODFILE CHECKSUM: eb968e2853520c5fd86cba155825af5fbf7cc74f

COCOAPODS: 1.8.4
