// !$*UTF8*$!
{
	archiveVersion = 1;
	classes = {
	};
	objectVersion = 51;
	objects = {

/* Begin PBXBuildFile section */
		6D3D5EC22327EF5200B2D2D7 /* HistogramsVC.swift in Sources */ = {isa = PBXBuildFile; fileRef = 6D3D5EC12327EF5200B2D2D7 /* HistogramsVC.swift */; };
		6D3D5EC42327EF6100B2D2D7 /* Histograms.storyboard in Resources */ = {isa = PBXBuildFile; fileRef = 6D3D5EC32327EF6100B2D2D7 /* Histograms.storyboard */; };
		6D4F2F9C222598E700A0799B /* WalkthroughVC.swift in Sources */ = {isa = PBXBuildFile; fileRef = 6D4F2F9B222598E700A0799B /* WalkthroughVC.swift */; };
		6D4F2F9E222598EF00A0799B /* Walkthrough.storyboard in Resources */ = {isa = PBXBuildFile; fileRef = 6D4F2F9D222598EF00A0799B /* Walkthrough.storyboard */; };
		6D5037F3228981AD0017AEC9 /* GraphView.storyboard in Resources */ = {isa = PBXBuildFile; fileRef = 6D5037F2228981AD0017AEC9 /* GraphView.storyboard */; };
		6D5037F5228981C90017AEC9 /* GraphViewVC.swift in Sources */ = {isa = PBXBuildFile; fileRef = 6D5037F4228981C90017AEC9 /* GraphViewVC.swift */; };
		6D5660F5221EC6B200014498 /* AppDelegate.swift in Sources */ = {isa = PBXBuildFile; fileRef = 6D5660F4221EC6B200014498 /* AppDelegate.swift */; };
		6D5660F7221EC6B200014498 /* MainVC.swift in Sources */ = {isa = PBXBuildFile; fileRef = 6D5660F6221EC6B200014498 /* MainVC.swift */; };
		6D5660FA221EC6B200014498 /* Main.storyboard in Resources */ = {isa = PBXBuildFile; fileRef = 6D5660F8221EC6B200014498 /* Main.storyboard */; };
		6D5660FC221EC6B400014498 /* Assets.xcassets in Resources */ = {isa = PBXBuildFile; fileRef = 6D5660FB221EC6B400014498 /* Assets.xcassets */; };
		6D5660FF221EC6B400014498 /* LaunchScreen.storyboard in Resources */ = {isa = PBXBuildFile; fileRef = 6D5660FD221EC6B400014498 /* LaunchScreen.storyboard */; };
		6D566144221EF98000014498 /* ThemeManager.swift in Sources */ = {isa = PBXBuildFile; fileRef = 6D566143221EF98000014498 /* ThemeManager.swift */; };
		6DDD7E3C222ECA3E0033F5F9 /* ToastsVC.swift in Sources */ = {isa = PBXBuildFile; fileRef = 6DDD7E3B222ECA3E0033F5F9 /* ToastsVC.swift */; };
		6DDD7E3E222ECA500033F5F9 /* Toasts.storyboard in Resources */ = {isa = PBXBuildFile; fileRef = 6DDD7E3D222ECA500033F5F9 /* Toasts.storyboard */; };
		71A104842EF5F829097DDEF3 /* Pods_Sample.framework in Frameworks */ = {isa = PBXBuildFile; fileRef = 7DA94AC5AFDDF8AE9124A99F /* Pods_Sample.framework */; };
		F30318D12225535B00171E00 /* Sejima.framework in Frameworks */ = {isa = PBXBuildFile; fileRef = F30318D02225535B00171E00 /* Sejima.framework */; };
		F30318D22225535B00171E00 /* Sejima.framework in Embed Frameworks */ = {isa = PBXBuildFile; fileRef = F30318D02225535B00171E00 /* Sejima.framework */; settings = {ATTRIBUTES = (CodeSignOnCopy, RemoveHeadersOnCopy, ); }; };
		F30318DA2225542F00171E00 /* SampleUITests.swift in Sources */ = {isa = PBXBuildFile; fileRef = F30318D92225542F00171E00 /* SampleUITests.swift */; };
		F30FFB4023CF640A0014B602 /* SliderVC.swift in Sources */ = {isa = PBXBuildFile; fileRef = F30FFB3E23CF64090014B602 /* SliderVC.swift */; };
		F30FFB4123CF640A0014B602 /* Slider.storyboard in Resources */ = {isa = PBXBuildFile; fileRef = F30FFB3F23CF64090014B602 /* Slider.storyboard */; };
		F361890823C76F3800F42169 /* CircularIndicator.storyboard in Resources */ = {isa = PBXBuildFile; fileRef = F361890623C76F3800F42169 /* CircularIndicator.storyboard */; };
		F361890923C76F3800F42169 /* CircularIndicatorVC.swift in Sources */ = {isa = PBXBuildFile; fileRef = F361890723C76F3800F42169 /* CircularIndicatorVC.swift */; };
		F3B75EEE23C8B5360023FEDA /* TimeIndicatorVC.swift in Sources */ = {isa = PBXBuildFile; fileRef = F3B75EEC23C8B5360023FEDA /* TimeIndicatorVC.swift */; };
		F3B75EEF23C8B5360023FEDA /* TimeIndicator.storyboard in Resources */ = {isa = PBXBuildFile; fileRef = F3B75EED23C8B5360023FEDA /* TimeIndicator.storyboard */; };
		F3D8C45623AA841D0084F422 /* CollectionPicker.storyboard in Resources */ = {isa = PBXBuildFile; fileRef = F3D8C45423AA841D0084F422 /* CollectionPicker.storyboard */; };
		F3D8C45723AA841D0084F422 /* CollectionPickerVC.swift in Sources */ = {isa = PBXBuildFile; fileRef = F3D8C45523AA841D0084F422 /* CollectionPickerVC.swift */; };
		F3E2FC962226EA5F008476BE /* WalkthroughContentVC.swift in Sources */ = {isa = PBXBuildFile; fileRef = F3E2FC952226EA5F008476BE /* WalkthroughContentVC.swift */; };
/* End PBXBuildFile section */

/* Begin PBXContainerItemProxy section */
		F30318DC2225542F00171E00 /* PBXContainerItemProxy */ = {
			isa = PBXContainerItemProxy;
			containerPortal = 6D5660E9221EC6B200014498 /* Project object */;
			proxyType = 1;
			remoteGlobalIDString = 6D5660F0221EC6B200014498;
			remoteInfo = Sample;
		};
/* End PBXContainerItemProxy section */

/* Begin PBXCopyFilesBuildPhase section */
		F30318CC2225533B00171E00 /* Embed Frameworks */ = {
			isa = PBXCopyFilesBuildPhase;
			buildActionMask = 2147483647;
			dstPath = "";
			dstSubfolderSpec = 10;
			files = (
				F30318D22225535B00171E00 /* Sejima.framework in Embed Frameworks */,
			);
			name = "Embed Frameworks";
			runOnlyForDeploymentPostprocessing = 0;
		};
/* End PBXCopyFilesBuildPhase section */

/* Begin PBXFileReference section */
		4891020A32D1BF061D6FEC37 /* Pods-Sample.debug.xcconfig */ = {isa = PBXFileReference; includeInIndex = 1; lastKnownFileType = text.xcconfig; name = "Pods-Sample.debug.xcconfig"; path = "Target Support Files/Pods-Sample/Pods-Sample.debug.xcconfig"; sourceTree = "<group>"; };
		6D3D5EC12327EF5200B2D2D7 /* HistogramsVC.swift */ = {isa = PBXFileReference; lastKnownFileType = sourcecode.swift; path = HistogramsVC.swift; sourceTree = "<group>"; };
		6D3D5EC32327EF6100B2D2D7 /* Histograms.storyboard */ = {isa = PBXFileReference; lastKnownFileType = file.storyboard; path = Histograms.storyboard; sourceTree = "<group>"; };
		6D4F2F9B222598E700A0799B /* WalkthroughVC.swift */ = {isa = PBXFileReference; lastKnownFileType = sourcecode.swift; path = WalkthroughVC.swift; sourceTree = "<group>"; };
		6D4F2F9D222598EF00A0799B /* Walkthrough.storyboard */ = {isa = PBXFileReference; lastKnownFileType = file.storyboard; path = Walkthrough.storyboard; sourceTree = "<group>"; };
		6D5037F2228981AD0017AEC9 /* GraphView.storyboard */ = {isa = PBXFileReference; lastKnownFileType = file.storyboard; path = GraphView.storyboard; sourceTree = "<group>"; };
		6D5037F4228981C90017AEC9 /* GraphViewVC.swift */ = {isa = PBXFileReference; lastKnownFileType = sourcecode.swift; path = GraphViewVC.swift; sourceTree = "<group>"; };
		6D5660F1221EC6B200014498 /* Sample.app */ = {isa = PBXFileReference; explicitFileType = wrapper.application; includeInIndex = 0; path = Sample.app; sourceTree = BUILT_PRODUCTS_DIR; };
		6D5660F4221EC6B200014498 /* AppDelegate.swift */ = {isa = PBXFileReference; lastKnownFileType = sourcecode.swift; path = AppDelegate.swift; sourceTree = "<group>"; };
		6D5660F6221EC6B200014498 /* MainVC.swift */ = {isa = PBXFileReference; lastKnownFileType = sourcecode.swift; path = MainVC.swift; sourceTree = "<group>"; };
		6D5660F9221EC6B200014498 /* Base */ = {isa = PBXFileReference; lastKnownFileType = file.storyboard; name = Base; path = Base.lproj/Main.storyboard; sourceTree = "<group>"; };
		6D5660FB221EC6B400014498 /* Assets.xcassets */ = {isa = PBXFileReference; lastKnownFileType = folder.assetcatalog; path = Assets.xcassets; sourceTree = "<group>"; };
		6D5660FE221EC6B400014498 /* Base */ = {isa = PBXFileReference; lastKnownFileType = file.storyboard; name = Base; path = Base.lproj/LaunchScreen.storyboard; sourceTree = "<group>"; };
		6D566100221EC6B400014498 /* Info.plist */ = {isa = PBXFileReference; lastKnownFileType = text.plist.xml; path = Info.plist; sourceTree = "<group>"; };
		6D566143221EF98000014498 /* ThemeManager.swift */ = {isa = PBXFileReference; lastKnownFileType = sourcecode.swift; path = ThemeManager.swift; sourceTree = "<group>"; };
		6DDD7E3B222ECA3E0033F5F9 /* ToastsVC.swift */ = {isa = PBXFileReference; lastKnownFileType = sourcecode.swift; path = ToastsVC.swift; sourceTree = "<group>"; };
		6DDD7E3D222ECA500033F5F9 /* Toasts.storyboard */ = {isa = PBXFileReference; lastKnownFileType = file.storyboard; path = Toasts.storyboard; sourceTree = "<group>"; };
		7DA94AC5AFDDF8AE9124A99F /* Pods_Sample.framework */ = {isa = PBXFileReference; explicitFileType = wrapper.framework; includeInIndex = 0; path = Pods_Sample.framework; sourceTree = BUILT_PRODUCTS_DIR; };
		A91EAA2B0C4AD6B96211211A /* Pods-Sample.release.xcconfig */ = {isa = PBXFileReference; includeInIndex = 1; lastKnownFileType = text.xcconfig; name = "Pods-Sample.release.xcconfig"; path = "Target Support Files/Pods-Sample/Pods-Sample.release.xcconfig"; sourceTree = "<group>"; };
		F30318D02225535B00171E00 /* Sejima.framework */ = {isa = PBXFileReference; explicitFileType = wrapper.framework; path = Sejima.framework; sourceTree = BUILT_PRODUCTS_DIR; };
		F30318D72225542F00171E00 /* SampleUITests.xctest */ = {isa = PBXFileReference; explicitFileType = wrapper.cfbundle; includeInIndex = 0; path = SampleUITests.xctest; sourceTree = BUILT_PRODUCTS_DIR; };
		F30318D92225542F00171E00 /* SampleUITests.swift */ = {isa = PBXFileReference; lastKnownFileType = sourcecode.swift; path = SampleUITests.swift; sourceTree = "<group>"; };
		F30318DB2225542F00171E00 /* Info.plist */ = {isa = PBXFileReference; lastKnownFileType = text.plist.xml; path = Info.plist; sourceTree = "<group>"; };
		F30FFB3E23CF64090014B602 /* SliderVC.swift */ = {isa = PBXFileReference; fileEncoding = 4; lastKnownFileType = sourcecode.swift; path = SliderVC.swift; sourceTree = "<group>"; };
		F30FFB3F23CF64090014B602 /* Slider.storyboard */ = {isa = PBXFileReference; fileEncoding = 4; lastKnownFileType = file.storyboard; path = Slider.storyboard; sourceTree = "<group>"; };
		F361890623C76F3800F42169 /* CircularIndicator.storyboard */ = {isa = PBXFileReference; fileEncoding = 4; lastKnownFileType = file.storyboard; path = CircularIndicator.storyboard; sourceTree = "<group>"; };
		F361890723C76F3800F42169 /* CircularIndicatorVC.swift */ = {isa = PBXFileReference; fileEncoding = 4; lastKnownFileType = sourcecode.swift; path = CircularIndicatorVC.swift; sourceTree = "<group>"; };
		F3B75EEC23C8B5360023FEDA /* TimeIndicatorVC.swift */ = {isa = PBXFileReference; fileEncoding = 4; lastKnownFileType = sourcecode.swift; path = TimeIndicatorVC.swift; sourceTree = "<group>"; };
		F3B75EED23C8B5360023FEDA /* TimeIndicator.storyboard */ = {isa = PBXFileReference; fileEncoding = 4; lastKnownFileType = file.storyboard; path = TimeIndicator.storyboard; sourceTree = "<group>"; };
		F3D8C45423AA841D0084F422 /* CollectionPicker.storyboard */ = {isa = PBXFileReference; fileEncoding = 4; lastKnownFileType = file.storyboard; path = CollectionPicker.storyboard; sourceTree = "<group>"; };
		F3D8C45523AA841D0084F422 /* CollectionPickerVC.swift */ = {isa = PBXFileReference; fileEncoding = 4; lastKnownFileType = sourcecode.swift; path = CollectionPickerVC.swift; sourceTree = "<group>"; };
		F3D96B862227D2D600C45A17 /* Playground.playground */ = {isa = PBXFileReference; lastKnownFileType = file.playground; path = Playground.playground; sourceTree = "<group>"; };
		F3E2FC952226EA5F008476BE /* WalkthroughContentVC.swift */ = {isa = PBXFileReference; lastKnownFileType = sourcecode.swift; path = WalkthroughContentVC.swift; sourceTree = "<group>"; };
/* End PBXFileReference section */

/* Begin PBXFrameworksBuildPhase section */
		6D5660EE221EC6B200014498 /* Frameworks */ = {
			isa = PBXFrameworksBuildPhase;
			buildActionMask = 2147483647;
			files = (
				F30318D12225535B00171E00 /* Sejima.framework in Frameworks */,
				71A104842EF5F829097DDEF3 /* Pods_Sample.framework in Frameworks */,
			);
			runOnlyForDeploymentPostprocessing = 0;
		};
		F30318D42225542F00171E00 /* Frameworks */ = {
			isa = PBXFrameworksBuildPhase;
			buildActionMask = 2147483647;
			files = (
			);
			runOnlyForDeploymentPostprocessing = 0;
		};
/* End PBXFrameworksBuildPhase section */

/* Begin PBXGroup section */
		6D3D5EC02327EF3200B2D2D7 /* Histograms */ = {
			isa = PBXGroup;
			children = (
				6D3D5EC12327EF5200B2D2D7 /* HistogramsVC.swift */,
				6D3D5EC32327EF6100B2D2D7 /* Histograms.storyboard */,
			);
			path = Histograms;
			sourceTree = "<group>";
		};
		6D4F2F9A222598B700A0799B /* Walkthrough */ = {
			isa = PBXGroup;
			children = (
				6D4F2F9B222598E700A0799B /* WalkthroughVC.swift */,
				F3E2FC952226EA5F008476BE /* WalkthroughContentVC.swift */,
				6D4F2F9D222598EF00A0799B /* Walkthrough.storyboard */,
			);
			path = Walkthrough;
			sourceTree = "<group>";
		};
		6D5037F1228981920017AEC9 /* GraphView */ = {
			isa = PBXGroup;
			children = (
				6D5037F4228981C90017AEC9 /* GraphViewVC.swift */,
				6D5037F2228981AD0017AEC9 /* GraphView.storyboard */,
			);
			path = GraphView;
			sourceTree = "<group>";
		};
		6D5660E8221EC6B200014498 = {
			isa = PBXGroup;
			children = (
				F3D96B862227D2D600C45A17 /* Playground.playground */,
				6D5660F3221EC6B200014498 /* Source */,
				F30318D82225542F00171E00 /* SampleUITests */,
				6D5660F2221EC6B200014498 /* Products */,
				F3F3BA362220366900B01B42 /* Frameworks */,
				E013AB9B6212562DB4DF9B6C /* Pods */,
			);
			sourceTree = "<group>";
		};
		6D5660F2221EC6B200014498 /* Products */ = {
			isa = PBXGroup;
			children = (
				6D5660F1221EC6B200014498 /* Sample.app */,
				F30318D72225542F00171E00 /* SampleUITests.xctest */,
			);
			name = Products;
			sourceTree = "<group>";
		};
		6D5660F3221EC6B200014498 /* Source */ = {
			isa = PBXGroup;
			children = (
				6D5660F4221EC6B200014498 /* AppDelegate.swift */,
				F3E2FC982226F86F008476BE /* Storyboards */,
				6D566122221EE83900014498 /* Pages */,
				F3E2FC992226F88C008476BE /* Helpers */,
				6D566100221EC6B400014498 /* Info.plist */,
				6D5660FB221EC6B400014498 /* Assets.xcassets */,
			);
			path = Source;
			sourceTree = "<group>";
		};
		6D566122221EE83900014498 /* Pages */ = {
			isa = PBXGroup;
			children = (
				F30FFB3D23CF64090014B602 /* Slider */,
				F3B75EEB23C8B5360023FEDA /* TimeIndicator */,
				F361890523C76F3800F42169 /* CircularIndicator */,
				6D3D5EC02327EF3200B2D2D7 /* Histograms */,
				F3D8C45323AA841D0084F422 /* CollectionPicker */,
				6DDD7E3A222ECA1A0033F5F9 /* Toasts */,
				6D4F2F9A222598B700A0799B /* Walkthrough */,
				6D5037F1228981920017AEC9 /* GraphView */,
			);
			path = Pages;
			sourceTree = "<group>";
		};
		6DDD7E3A222ECA1A0033F5F9 /* Toasts */ = {
			isa = PBXGroup;
			children = (
				6DDD7E3B222ECA3E0033F5F9 /* ToastsVC.swift */,
				6DDD7E3D222ECA500033F5F9 /* Toasts.storyboard */,
			);
			path = Toasts;
			sourceTree = "<group>";
		};
		E013AB9B6212562DB4DF9B6C /* Pods */ = {
			isa = PBXGroup;
			children = (
				4891020A32D1BF061D6FEC37 /* Pods-Sample.debug.xcconfig */,
				A91EAA2B0C4AD6B96211211A /* Pods-Sample.release.xcconfig */,
			);
			name = Pods;
			path = ../Pods;
			sourceTree = "<group>";
		};
		F30318D82225542F00171E00 /* SampleUITests */ = {
			isa = PBXGroup;
			children = (
				F30318D92225542F00171E00 /* SampleUITests.swift */,
				F30318DB2225542F00171E00 /* Info.plist */,
			);
			path = SampleUITests;
			sourceTree = "<group>";
		};
		F30FFB3D23CF64090014B602 /* Slider */ = {
			isa = PBXGroup;
			children = (
				F30FFB3E23CF64090014B602 /* SliderVC.swift */,
				F30FFB3F23CF64090014B602 /* Slider.storyboard */,
			);
			path = Slider;
			sourceTree = "<group>";
		};
		F361890523C76F3800F42169 /* CircularIndicator */ = {
			isa = PBXGroup;
			children = (
				F361890723C76F3800F42169 /* CircularIndicatorVC.swift */,
				F361890623C76F3800F42169 /* CircularIndicator.storyboard */,
			);
			path = CircularIndicator;
			sourceTree = "<group>";
		};
		F3B75EEB23C8B5360023FEDA /* TimeIndicator */ = {
			isa = PBXGroup;
			children = (
				F3B75EEC23C8B5360023FEDA /* TimeIndicatorVC.swift */,
				F3B75EED23C8B5360023FEDA /* TimeIndicator.storyboard */,
			);
			path = TimeIndicator;
			sourceTree = "<group>";
		};
		F3D8C45323AA841D0084F422 /* CollectionPicker */ = {
			isa = PBXGroup;
			children = (
				F3D8C45523AA841D0084F422 /* CollectionPickerVC.swift */,
				F3D8C45423AA841D0084F422 /* CollectionPicker.storyboard */,
			);
			path = CollectionPicker;
			sourceTree = "<group>";
		};
		F3E2FC982226F86F008476BE /* Storyboards */ = {
			isa = PBXGroup;
			children = (
				6D5660F8221EC6B200014498 /* Main.storyboard */,
				6D5660FD221EC6B400014498 /* LaunchScreen.storyboard */,
			);
			path = Storyboards;
			sourceTree = "<group>";
		};
		F3E2FC992226F88C008476BE /* Helpers */ = {
			isa = PBXGroup;
			children = (
				6D5660F6221EC6B200014498 /* MainVC.swift */,
				6D566143221EF98000014498 /* ThemeManager.swift */,
			);
			path = Helpers;
			sourceTree = "<group>";
		};
		F3F3BA362220366900B01B42 /* Frameworks */ = {
			isa = PBXGroup;
			children = (
				F30318D02225535B00171E00 /* Sejima.framework */,
				7DA94AC5AFDDF8AE9124A99F /* Pods_Sample.framework */,
			);
			name = Frameworks;
			sourceTree = "<group>";
		};
/* End PBXGroup section */

/* Begin PBXNativeTarget section */
		6D5660F0221EC6B200014498 /* Sample */ = {
			isa = PBXNativeTarget;
			buildConfigurationList = 6D566119221EC6B500014498 /* Build configuration list for PBXNativeTarget "Sample" */;
			buildPhases = (
				65972EE858384C559236EE4C /* [CP] Check Pods Manifest.lock */,
				6D5660ED221EC6B200014498 /* Sources */,
				6D5660EE221EC6B200014498 /* Frameworks */,
				6D5660EF221EC6B200014498 /* Resources */,
				F30318CC2225533B00171E00 /* Embed Frameworks */,
				764B31FEF931DC81FF06FE0B /* [CP] Embed Pods Frameworks */,
			);
			buildRules = (
			);
			dependencies = (
			);
			name = Sample;
			productName = MUSample;
			productReference = 6D5660F1221EC6B200014498 /* Sample.app */;
			productType = "com.apple.product-type.application";
		};
		F30318D62225542F00171E00 /* SampleUITests */ = {
			isa = PBXNativeTarget;
			buildConfigurationList = F30318DE2225542F00171E00 /* Build configuration list for PBXNativeTarget "SampleUITests" */;
			buildPhases = (
				F30318D32225542F00171E00 /* Sources */,
				F30318D42225542F00171E00 /* Frameworks */,
				F30318D52225542F00171E00 /* Resources */,
			);
			buildRules = (
			);
			dependencies = (
				F30318DD2225542F00171E00 /* PBXTargetDependency */,
			);
			name = SampleUITests;
			productName = SampleUITests;
			productReference = F30318D72225542F00171E00 /* SampleUITests.xctest */;
			productType = "com.apple.product-type.bundle.ui-testing";
		};
/* End PBXNativeTarget section */

/* Begin PBXProject section */
		6D5660E9221EC6B200014498 /* Project object */ = {
			isa = PBXProject;
			attributes = {
				LastSwiftUpdateCheck = 1010;
				LastUpgradeCheck = 1010;
				ORGANIZATIONNAME = "Damien Noël Dubuisson";
				TargetAttributes = {
					6D5660F0221EC6B200014498 = {
						CreatedOnToolsVersion = 10.1;
						LastSwiftMigration = 1020;
					};
					F30318D62225542F00171E00 = {
						CreatedOnToolsVersion = 10.1;
						LastSwiftMigration = 1020;
						TestTargetID = 6D5660F0221EC6B200014498;
					};
				};
			};
			buildConfigurationList = 6D5660EC221EC6B200014498 /* Build configuration list for PBXProject "Sample" */;
			compatibilityVersion = "Xcode 9.3";
			developmentRegion = en;
			hasScannedForEncodings = 0;
			knownRegions = (
				en,
				Base,
			);
			mainGroup = 6D5660E8221EC6B200014498;
			productRefGroup = 6D5660F2221EC6B200014498 /* Products */;
			projectDirPath = "";
			projectRoot = "";
			targets = (
				6D5660F0221EC6B200014498 /* Sample */,
				F30318D62225542F00171E00 /* SampleUITests */,
			);
		};
/* End PBXProject section */

/* Begin PBXResourcesBuildPhase section */
		6D5660EF221EC6B200014498 /* Resources */ = {
			isa = PBXResourcesBuildPhase;
			buildActionMask = 2147483647;
			files = (
				6D4F2F9E222598EF00A0799B /* Walkthrough.storyboard in Resources */,
				6D5660FF221EC6B400014498 /* LaunchScreen.storyboard in Resources */,
				6D3D5EC42327EF6100B2D2D7 /* Histograms.storyboard in Resources */,
				F30FFB4123CF640A0014B602 /* Slider.storyboard in Resources */,
				6DDD7E3E222ECA500033F5F9 /* Toasts.storyboard in Resources */,
				F3D8C45623AA841D0084F422 /* CollectionPicker.storyboard in Resources */,
				F3B75EEF23C8B5360023FEDA /* TimeIndicator.storyboard in Resources */,
				6D5660FC221EC6B400014498 /* Assets.xcassets in Resources */,
				6D5037F3228981AD0017AEC9 /* GraphView.storyboard in Resources */,
				F361890823C76F3800F42169 /* CircularIndicator.storyboard in Resources */,
				6D5660FA221EC6B200014498 /* Main.storyboard in Resources */,
			);
			runOnlyForDeploymentPostprocessing = 0;
		};
		F30318D52225542F00171E00 /* Resources */ = {
			isa = PBXResourcesBuildPhase;
			buildActionMask = 2147483647;
			files = (
			);
			runOnlyForDeploymentPostprocessing = 0;
		};
/* End PBXResourcesBuildPhase section */

/* Begin PBXShellScriptBuildPhase section */
		65972EE858384C559236EE4C /* [CP] Check Pods Manifest.lock */ = {
			isa = PBXShellScriptBuildPhase;
			buildActionMask = 2147483647;
			files = (
			);
			inputFileListPaths = (
			);
			inputPaths = (
				"${PODS_PODFILE_DIR_PATH}/Podfile.lock",
				"${PODS_ROOT}/Manifest.lock",
			);
			name = "[CP] Check Pods Manifest.lock";
			outputFileListPaths = (
			);
			outputPaths = (
				"$(DERIVED_FILE_DIR)/Pods-Sample-checkManifestLockResult.txt",
			);
			runOnlyForDeploymentPostprocessing = 0;
			shellPath = /bin/sh;
			shellScript = "diff \"${PODS_PODFILE_DIR_PATH}/Podfile.lock\" \"${PODS_ROOT}/Manifest.lock\" > /dev/null\nif [ $? != 0 ] ; then\n    # print error to STDERR\n    echo \"error: The sandbox is not in sync with the Podfile.lock. Run 'pod install' or update your CocoaPods installation.\" >&2\n    exit 1\nfi\n# This output is used by Xcode 'outputs' to avoid re-running this script phase.\necho \"SUCCESS\" > \"${SCRIPT_OUTPUT_FILE_0}\"\n";
			showEnvVarsInLog = 0;
		};
		764B31FEF931DC81FF06FE0B /* [CP] Embed Pods Frameworks */ = {
			isa = PBXShellScriptBuildPhase;
			buildActionMask = 2147483647;
			files = (
			);
			inputFileListPaths = (
				"${PODS_ROOT}/Target Support Files/Pods-Sample/Pods-Sample-frameworks-${CONFIGURATION}-input-files.xcfilelist",
			);
			name = "[CP] Embed Pods Frameworks";
			outputFileListPaths = (
				"${PODS_ROOT}/Target Support Files/Pods-Sample/Pods-Sample-frameworks-${CONFIGURATION}-output-files.xcfilelist",
			);
			runOnlyForDeploymentPostprocessing = 0;
			shellPath = /bin/sh;
			shellScript = "\"${PODS_ROOT}/Target Support Files/Pods-Sample/Pods-Sample-frameworks.sh\"\n";
			showEnvVarsInLog = 0;
		};
/* End PBXShellScriptBuildPhase section */

/* Begin PBXSourcesBuildPhase section */
		6D5660ED221EC6B200014498 /* Sources */ = {
			isa = PBXSourcesBuildPhase;
			buildActionMask = 2147483647;
			files = (
				6DDD7E3C222ECA3E0033F5F9 /* ToastsVC.swift in Sources */,
				F3E2FC962226EA5F008476BE /* WalkthroughContentVC.swift in Sources */,
				6D5037F5228981C90017AEC9 /* GraphViewVC.swift in Sources */,
				6D566144221EF98000014498 /* ThemeManager.swift in Sources */,
				6D5660F7221EC6B200014498 /* MainVC.swift in Sources */,
				F361890923C76F3800F42169 /* CircularIndicatorVC.swift in Sources */,
				F3D8C45723AA841D0084F422 /* CollectionPickerVC.swift in Sources */,
				6D5660F5221EC6B200014498 /* AppDelegate.swift in Sources */,
				F3B75EEE23C8B5360023FEDA /* TimeIndicatorVC.swift in Sources */,
				F30FFB4023CF640A0014B602 /* SliderVC.swift in Sources */,
				6D4F2F9C222598E700A0799B /* WalkthroughVC.swift in Sources */,
				6D3D5EC22327EF5200B2D2D7 /* HistogramsVC.swift in Sources */,
			);
			runOnlyForDeploymentPostprocessing = 0;
		};
		F30318D32225542F00171E00 /* Sources */ = {
			isa = PBXSourcesBuildPhase;
			buildActionMask = 2147483647;
			files = (
				F30318DA2225542F00171E00 /* SampleUITests.swift in Sources */,
			);
			runOnlyForDeploymentPostprocessing = 0;
		};
/* End PBXSourcesBuildPhase section */

/* Begin PBXTargetDependency section */
		F30318DD2225542F00171E00 /* PBXTargetDependency */ = {
			isa = PBXTargetDependency;
			target = 6D5660F0221EC6B200014498 /* Sample */;
			targetProxy = F30318DC2225542F00171E00 /* PBXContainerItemProxy */;
		};
/* End PBXTargetDependency section */

/* Begin PBXVariantGroup section */
		6D5660F8221EC6B200014498 /* Main.storyboard */ = {
			isa = PBXVariantGroup;
			children = (
				6D5660F9221EC6B200014498 /* Base */,
			);
			name = Main.storyboard;
			sourceTree = "<group>";
		};
		6D5660FD221EC6B400014498 /* LaunchScreen.storyboard */ = {
			isa = PBXVariantGroup;
			children = (
				6D5660FE221EC6B400014498 /* Base */,
			);
			name = LaunchScreen.storyboard;
			sourceTree = "<group>";
		};
/* End PBXVariantGroup section */

/* Begin XCBuildConfiguration section */
		6D566117221EC6B500014498 /* Debug */ = {
			isa = XCBuildConfiguration;
			buildSettings = {
				ALWAYS_SEARCH_USER_PATHS = NO;
				CLANG_ANALYZER_NONNULL = YES;
				CLANG_ANALYZER_NUMBER_OBJECT_CONVERSION = YES_AGGRESSIVE;
				CLANG_CXX_LANGUAGE_STANDARD = "gnu++14";
				CLANG_CXX_LIBRARY = "libc++";
				CLANG_ENABLE_MODULES = YES;
				CLANG_ENABLE_OBJC_ARC = YES;
				CLANG_ENABLE_OBJC_WEAK = YES;
				CLANG_WARN_BLOCK_CAPTURE_AUTORELEASING = YES;
				CLANG_WARN_BOOL_CONVERSION = YES;
				CLANG_WARN_COMMA = YES;
				CLANG_WARN_CONSTANT_CONVERSION = YES;
				CLANG_WARN_DEPRECATED_OBJC_IMPLEMENTATIONS = YES;
				CLANG_WARN_DIRECT_OBJC_ISA_USAGE = YES_ERROR;
				CLANG_WARN_DOCUMENTATION_COMMENTS = YES;
				CLANG_WARN_EMPTY_BODY = YES;
				CLANG_WARN_ENUM_CONVERSION = YES;
				CLANG_WARN_INFINITE_RECURSION = YES;
				CLANG_WARN_INT_CONVERSION = YES;
				CLANG_WARN_NON_LITERAL_NULL_CONVERSION = YES;
				CLANG_WARN_OBJC_IMPLICIT_RETAIN_SELF = YES;
				CLANG_WARN_OBJC_LITERAL_CONVERSION = YES;
				CLANG_WARN_OBJC_ROOT_CLASS = YES_ERROR;
				CLANG_WARN_RANGE_LOOP_ANALYSIS = YES;
				CLANG_WARN_STRICT_PROTOTYPES = YES;
				CLANG_WARN_SUSPICIOUS_MOVE = YES;
				CLANG_WARN_UNGUARDED_AVAILABILITY = YES_AGGRESSIVE;
				CLANG_WARN_UNREACHABLE_CODE = YES;
				CLANG_WARN__DUPLICATE_METHOD_MATCH = YES;
				CODE_SIGN_IDENTITY = "iPhone Developer";
				COPY_PHASE_STRIP = NO;
				DEBUG_INFORMATION_FORMAT = dwarf;
				ENABLE_STRICT_OBJC_MSGSEND = YES;
				ENABLE_TESTABILITY = YES;
				GCC_C_LANGUAGE_STANDARD = gnu11;
				GCC_DYNAMIC_NO_PIC = NO;
				GCC_NO_COMMON_BLOCKS = YES;
				GCC_OPTIMIZATION_LEVEL = 0;
				GCC_PREPROCESSOR_DEFINITIONS = (
					"DEBUG=1",
					"$(inherited)",
				);
				GCC_WARN_64_TO_32_BIT_CONVERSION = YES;
				GCC_WARN_ABOUT_RETURN_TYPE = YES_ERROR;
				GCC_WARN_UNDECLARED_SELECTOR = YES;
				GCC_WARN_UNINITIALIZED_AUTOS = YES_AGGRESSIVE;
				GCC_WARN_UNUSED_FUNCTION = YES;
				GCC_WARN_UNUSED_VARIABLE = YES;
				IPHONEOS_DEPLOYMENT_TARGET = 12.1;
				MTL_ENABLE_DEBUG_INFO = INCLUDE_SOURCE;
				MTL_FAST_MATH = YES;
				ONLY_ACTIVE_ARCH = YES;
				SDKROOT = iphoneos;
				SWIFT_ACTIVE_COMPILATION_CONDITIONS = DEBUG;
				SWIFT_OPTIMIZATION_LEVEL = "-Onone";
			};
			name = Debug;
		};
		6D566118221EC6B500014498 /* Release */ = {
			isa = XCBuildConfiguration;
			buildSettings = {
				ALWAYS_SEARCH_USER_PATHS = NO;
				CLANG_ANALYZER_NONNULL = YES;
				CLANG_ANALYZER_NUMBER_OBJECT_CONVERSION = YES_AGGRESSIVE;
				CLANG_CXX_LANGUAGE_STANDARD = "gnu++14";
				CLANG_CXX_LIBRARY = "libc++";
				CLANG_ENABLE_MODULES = YES;
				CLANG_ENABLE_OBJC_ARC = YES;
				CLANG_ENABLE_OBJC_WEAK = YES;
				CLANG_WARN_BLOCK_CAPTURE_AUTORELEASING = YES;
				CLANG_WARN_BOOL_CONVERSION = YES;
				CLANG_WARN_COMMA = YES;
				CLANG_WARN_CONSTANT_CONVERSION = YES;
				CLANG_WARN_DEPRECATED_OBJC_IMPLEMENTATIONS = YES;
				CLANG_WARN_DIRECT_OBJC_ISA_USAGE = YES_ERROR;
				CLANG_WARN_DOCUMENTATION_COMMENTS = YES;
				CLANG_WARN_EMPTY_BODY = YES;
				CLANG_WARN_ENUM_CONVERSION = YES;
				CLANG_WARN_INFINITE_RECURSION = YES;
				CLANG_WARN_INT_CONVERSION = YES;
				CLANG_WARN_NON_LITERAL_NULL_CONVERSION = YES;
				CLANG_WARN_OBJC_IMPLICIT_RETAIN_SELF = YES;
				CLANG_WARN_OBJC_LITERAL_CONVERSION = YES;
				CLANG_WARN_OBJC_ROOT_CLASS = YES_ERROR;
				CLANG_WARN_RANGE_LOOP_ANALYSIS = YES;
				CLANG_WARN_STRICT_PROTOTYPES = YES;
				CLANG_WARN_SUSPICIOUS_MOVE = YES;
				CLANG_WARN_UNGUARDED_AVAILABILITY = YES_AGGRESSIVE;
				CLANG_WARN_UNREACHABLE_CODE = YES;
				CLANG_WARN__DUPLICATE_METHOD_MATCH = YES;
				CODE_SIGN_IDENTITY = "iPhone Developer";
				COPY_PHASE_STRIP = NO;
				DEBUG_INFORMATION_FORMAT = "dwarf-with-dsym";
				ENABLE_NS_ASSERTIONS = NO;
				ENABLE_STRICT_OBJC_MSGSEND = YES;
				GCC_C_LANGUAGE_STANDARD = gnu11;
				GCC_NO_COMMON_BLOCKS = YES;
				GCC_WARN_64_TO_32_BIT_CONVERSION = YES;
				GCC_WARN_ABOUT_RETURN_TYPE = YES_ERROR;
				GCC_WARN_UNDECLARED_SELECTOR = YES;
				GCC_WARN_UNINITIALIZED_AUTOS = YES_AGGRESSIVE;
				GCC_WARN_UNUSED_FUNCTION = YES;
				GCC_WARN_UNUSED_VARIABLE = YES;
				IPHONEOS_DEPLOYMENT_TARGET = 12.1;
				MTL_ENABLE_DEBUG_INFO = NO;
				MTL_FAST_MATH = YES;
				SDKROOT = iphoneos;
				SWIFT_COMPILATION_MODE = wholemodule;
				SWIFT_OPTIMIZATION_LEVEL = "-O";
				VALIDATE_PRODUCT = YES;
			};
			name = Release;
		};
		6D56611A221EC6B500014498 /* Debug */ = {
			isa = XCBuildConfiguration;
			baseConfigurationReference = 4891020A32D1BF061D6FEC37 /* Pods-Sample.debug.xcconfig */;
			buildSettings = {
				ASSETCATALOG_COMPILER_APPICON_NAME = AppIcon;
				CODE_SIGN_STYLE = Automatic;
				DEVELOPMENT_TEAM = "";
				INFOPLIST_FILE = Source/Info.plist;
				IPHONEOS_DEPLOYMENT_TARGET = 10.0;
				LD_RUNPATH_SEARCH_PATHS = (
					"$(inherited)",
					"@executable_path/Frameworks",
				);
				PRODUCT_BUNDLE_IDENTIFIER = com.surfin.MUSample;
				PRODUCT_NAME = "$(TARGET_NAME)";
				SWIFT_VERSION = 5.0;
				TARGETED_DEVICE_FAMILY = "1,2";
			};
			name = Debug;
		};
		6D56611B221EC6B500014498 /* Release */ = {
			isa = XCBuildConfiguration;
			baseConfigurationReference = A91EAA2B0C4AD6B96211211A /* Pods-Sample.release.xcconfig */;
			buildSettings = {
				ASSETCATALOG_COMPILER_APPICON_NAME = AppIcon;
				CODE_SIGN_STYLE = Automatic;
				DEVELOPMENT_TEAM = "";
				INFOPLIST_FILE = Source/Info.plist;
				IPHONEOS_DEPLOYMENT_TARGET = 10.0;
				LD_RUNPATH_SEARCH_PATHS = (
					"$(inherited)",
					"@executable_path/Frameworks",
				);
				PRODUCT_BUNDLE_IDENTIFIER = com.surfin.MUSample;
				PRODUCT_NAME = "$(TARGET_NAME)";
				SWIFT_VERSION = 5.0;
				TARGETED_DEVICE_FAMILY = "1,2";
			};
			name = Release;
		};
		F30318DF2225542F00171E00 /* Debug */ = {
			isa = XCBuildConfiguration;
			buildSettings = {
				CODE_SIGN_STYLE = Automatic;
				DEVELOPMENT_TEAM = W6S4Z2KMUS;
				INFOPLIST_FILE = SampleUITests/Info.plist;
				LD_RUNPATH_SEARCH_PATHS = (
					"$(inherited)",
					"@executable_path/Frameworks",
					"@loader_path/Frameworks",
				);
				PRODUCT_BUNDLE_IDENTIFIER = com.surfin.SampleUITests;
				PRODUCT_NAME = "$(TARGET_NAME)";
				SWIFT_VERSION = 5.0;
				TARGETED_DEVICE_FAMILY = "1,2";
				TEST_TARGET_NAME = Sample;
			};
			name = Debug;
		};
		F30318E02225542F00171E00 /* Release */ = {
			isa = XCBuildConfiguration;
			buildSettings = {
				CODE_SIGN_STYLE = Automatic;
				DEVELOPMENT_TEAM = W6S4Z2KMUS;
				INFOPLIST_FILE = SampleUITests/Info.plist;
				LD_RUNPATH_SEARCH_PATHS = (
					"$(inherited)",
					"@executable_path/Frameworks",
					"@loader_path/Frameworks",
				);
				PRODUCT_BUNDLE_IDENTIFIER = com.surfin.SampleUITests;
				PRODUCT_NAME = "$(TARGET_NAME)";
				SWIFT_VERSION = 5.0;
				TARGETED_DEVICE_FAMILY = "1,2";
				TEST_TARGET_NAME = Sample;
			};
			name = Release;
		};
/* End XCBuildConfiguration section */

/* Begin XCConfigurationList section */
		6D5660EC221EC6B200014498 /* Build configuration list for PBXProject "Sample" */ = {
			isa = XCConfigurationList;
			buildConfigurations = (
				6D566117221EC6B500014498 /* Debug */,
				6D566118221EC6B500014498 /* Release */,
			);
			defaultConfigurationIsVisible = 0;
			defaultConfigurationName = Release;
		};
		6D566119221EC6B500014498 /* Build configuration list for PBXNativeTarget "Sample" */ = {
			isa = XCConfigurationList;
			buildConfigurations = (
				6D56611A221EC6B500014498 /* Debug */,
				6D56611B221EC6B500014498 /* Release */,
			);
			defaultConfigurationIsVisible = 0;
			defaultConfigurationName = Release;
		};
		F30318DE2225542F00171E00 /* Build configuration list for PBXNativeTarget "SampleUITests" */ = {
			isa = XCConfigurationList;
			buildConfigurations = (
				F30318DF2225542F00171E00 /* Debug */,
				F30318E02225542F00171E00 /* Release */,
			);
			defaultConfigurationIsVisible = 0;
			defaultConfigurationName = Release;
		};
/* End XCConfigurationList section */
	};
	rootObject = 6D5660E9221EC6B200014498 /* Project object */;
}
