// !$*UTF8*$!
{
	archiveVersion = 1;
	classes = {
	};
	objectVersion = 50;
	objects = {

/* Begin PBXBuildFile section */
		6D5660CF221EB12E00014498 /* MUComponent.framework in Frameworks */ = {isa = PBXBuildFile; fileRef = 6D5660C5221EB12E00014498 /* MUComponent.framework */; };
		6D5660D4221EB12E00014498 /* MUButtonTests.swift in Sources */ = {isa = PBXBuildFile; fileRef = 6D5660D3221EB12E00014498 /* MUButtonTests.swift */; };
		6D5660D6221EB12E00014498 /* MUComponent.h in Headers */ = {isa = PBXBuildFile; fileRef = 6D5660C8221EB12E00014498 /* MUComponent.h */; settings = {ATTRIBUTES = (Public, ); }; };
		6D5660E3221EB19A00014498 /* MUButton.swift in Sources */ = {isa = PBXBuildFile; fileRef = 6D5660E1221EB19900014498 /* MUButton.swift */; };
		6D5660E4221EB19A00014498 /* MUButton.xib in Resources */ = {isa = PBXBuildFile; fileRef = 6D5660E2221EB19A00014498 /* MUButton.xib */; };
/* End PBXBuildFile section */

/* Begin PBXContainerItemProxy section */
		6D5660D0221EB12E00014498 /* PBXContainerItemProxy */ = {
			isa = PBXContainerItemProxy;
			containerPortal = 6D5660BC221EB12E00014498 /* Project object */;
			proxyType = 1;
			remoteGlobalIDString = 6D5660C4221EB12E00014498;
			remoteInfo = MUComponent;
		};
/* End PBXContainerItemProxy section */

/* Begin PBXFileReference section */
		6D5660C5221EB12E00014498 /* MUComponent.framework */ = {isa = PBXFileReference; explicitFileType = wrapper.framework; includeInIndex = 0; path = MUComponent.framework; sourceTree = BUILT_PRODUCTS_DIR; };
		6D5660C8221EB12E00014498 /* MUComponent.h */ = {isa = PBXFileReference; lastKnownFileType = sourcecode.c.h; path = MUComponent.h; sourceTree = "<group>"; };
		6D5660C9221EB12E00014498 /* Info.plist */ = {isa = PBXFileReference; lastKnownFileType = text.plist.xml; path = Info.plist; sourceTree = "<group>"; };
		6D5660CE221EB12E00014498 /* MUComponentTests.xctest */ = {isa = PBXFileReference; explicitFileType = wrapper.cfbundle; includeInIndex = 0; path = MUComponentTests.xctest; sourceTree = BUILT_PRODUCTS_DIR; };
		6D5660D3221EB12E00014498 /* MUButtonTests.swift */ = {isa = PBXFileReference; lastKnownFileType = sourcecode.swift; path = MUButtonTests.swift; sourceTree = "<group>"; };
		6D5660D5221EB12E00014498 /* Info.plist */ = {isa = PBXFileReference; lastKnownFileType = text.plist.xml; path = Info.plist; sourceTree = "<group>"; };
		6D5660E1221EB19900014498 /* MUButton.swift */ = {isa = PBXFileReference; fileEncoding = 4; lastKnownFileType = sourcecode.swift; path = MUButton.swift; sourceTree = "<group>"; };
		6D5660E2221EB19A00014498 /* MUButton.xib */ = {isa = PBXFileReference; fileEncoding = 4; lastKnownFileType = file.xib; path = MUButton.xib; sourceTree = "<group>"; };
		6D5660E6221EB48F00014498 /* MUCore.framework */ = {isa = PBXFileReference; explicitFileType = wrapper.framework; path = MUCore.framework; sourceTree = BUILT_PRODUCTS_DIR; };
/* End PBXFileReference section */

/* Begin PBXFrameworksBuildPhase section */
		6D5660C2221EB12E00014498 /* Frameworks */ = {
			isa = PBXFrameworksBuildPhase;
			buildActionMask = 2147483647;
			files = (
			);
			runOnlyForDeploymentPostprocessing = 0;
		};
		6D5660CB221EB12E00014498 /* Frameworks */ = {
			isa = PBXFrameworksBuildPhase;
			buildActionMask = 2147483647;
			files = (
				6D5660CF221EB12E00014498 /* MUComponent.framework in Frameworks */,
			);
			runOnlyForDeploymentPostprocessing = 0;
		};
/* End PBXFrameworksBuildPhase section */

/* Begin PBXGroup section */
		6D5660BB221EB12E00014498 = {
			isa = PBXGroup;
			children = (
				6D5660C7221EB12E00014498 /* MUComponent */,
				6D5660D2221EB12E00014498 /* MUComponentTests */,
				6D5660C6221EB12E00014498 /* Products */,
				6D5660E5221EB48F00014498 /* Frameworks */,
			);
			sourceTree = "<group>";
		};
		6D5660C6221EB12E00014498 /* Products */ = {
			isa = PBXGroup;
			children = (
				6D5660C5221EB12E00014498 /* MUComponent.framework */,
				6D5660CE221EB12E00014498 /* MUComponentTests.xctest */,
			);
			name = Products;
			sourceTree = "<group>";
		};
		6D5660C7221EB12E00014498 /* MUComponent */ = {
			isa = PBXGroup;
			children = (
				6D5660DF221EB14D00014498 /* Source */,
				6D5660C8221EB12E00014498 /* MUComponent.h */,
				6D5660C9221EB12E00014498 /* Info.plist */,
			);
			path = MUComponent;
			sourceTree = "<group>";
		};
		6D5660D2221EB12E00014498 /* MUComponentTests */ = {
			isa = PBXGroup;
			children = (
				6D5660D3221EB12E00014498 /* MUButtonTests.swift */,
				6D5660D5221EB12E00014498 /* Info.plist */,
			);
			path = MUComponentTests;
			sourceTree = "<group>";
		};
		6D5660DF221EB14D00014498 /* Source */ = {
			isa = PBXGroup;
			children = (
				6D5660E0221EB15500014498 /* MUButton */,
			);
			path = Source;
			sourceTree = "<group>";
		};
		6D5660E0221EB15500014498 /* MUButton */ = {
			isa = PBXGroup;
			children = (
				6D5660E1221EB19900014498 /* MUButton.swift */,
				6D5660E2221EB19A00014498 /* MUButton.xib */,
			);
			path = MUButton;
			sourceTree = "<group>";
		};
		6D5660E5221EB48F00014498 /* Frameworks */ = {
			isa = PBXGroup;
			children = (
				6D5660E6221EB48F00014498 /* MUCore.framework */,
			);
			name = Frameworks;
			sourceTree = "<group>";
		};
/* End PBXGroup section */

/* Begin PBXHeadersBuildPhase section */
		6D5660C0221EB12E00014498 /* Headers */ = {
			isa = PBXHeadersBuildPhase;
			buildActionMask = 2147483647;
			files = (
				6D5660D6221EB12E00014498 /* MUComponent.h in Headers */,
			);
			runOnlyForDeploymentPostprocessing = 0;
		};
/* End PBXHeadersBuildPhase section */

/* Begin PBXNativeTarget section */
		6D5660C4221EB12E00014498 /* MUComponent */ = {
			isa = PBXNativeTarget;
			buildConfigurationList = 6D5660D9221EB12E00014498 /* Build configuration list for PBXNativeTarget "MUComponent" */;
			buildPhases = (
				6D5660C0221EB12E00014498 /* Headers */,
				6D5660C1221EB12E00014498 /* Sources */,
				6D5660C2221EB12E00014498 /* Frameworks */,
				6D5660C3221EB12E00014498 /* Resources */,
				6D56615022242D4500014498 /* Swiftlint */,
				6D56615122242D4700014498 /* Jazzy */,
			);
			buildRules = (
			);
			dependencies = (
			);
			name = MUComponent;
			productName = MUComponent;
			productReference = 6D5660C5221EB12E00014498 /* MUComponent.framework */;
			productType = "com.apple.product-type.framework";
		};
		6D5660CD221EB12E00014498 /* MUComponentTests */ = {
			isa = PBXNativeTarget;
			buildConfigurationList = 6D5660DC221EB12E00014498 /* Build configuration list for PBXNativeTarget "MUComponentTests" */;
			buildPhases = (
				6D5660CA221EB12E00014498 /* Sources */,
				6D5660CB221EB12E00014498 /* Frameworks */,
				6D5660CC221EB12E00014498 /* Resources */,
			);
			buildRules = (
			);
			dependencies = (
				6D5660D1221EB12E00014498 /* PBXTargetDependency */,
			);
			name = MUComponentTests;
			productName = MUComponentTests;
			productReference = 6D5660CE221EB12E00014498 /* MUComponentTests.xctest */;
			productType = "com.apple.product-type.bundle.unit-test";
		};
/* End PBXNativeTarget section */

/* Begin PBXProject section */
		6D5660BC221EB12E00014498 /* Project object */ = {
			isa = PBXProject;
			attributes = {
				LastSwiftUpdateCheck = 1010;
				LastUpgradeCheck = 1010;
				ORGANIZATIONNAME = "Damien Noël Dubuisson";
				TargetAttributes = {
					6D5660C4221EB12E00014498 = {
						CreatedOnToolsVersion = 10.1;
						LastSwiftMigration = 1010;
					};
					6D5660CD221EB12E00014498 = {
						CreatedOnToolsVersion = 10.1;
					};
				};
			};
			buildConfigurationList = 6D5660BF221EB12E00014498 /* Build configuration list for PBXProject "MUComponent" */;
			compatibilityVersion = "Xcode 9.3";
			developmentRegion = en;
			hasScannedForEncodings = 0;
			knownRegions = (
				en,
			);
			mainGroup = 6D5660BB221EB12E00014498;
			productRefGroup = 6D5660C6221EB12E00014498 /* Products */;
			projectDirPath = "";
			projectRoot = "";
			targets = (
				6D5660C4221EB12E00014498 /* MUComponent */,
				6D5660CD221EB12E00014498 /* MUComponentTests */,
			);
		};
/* End PBXProject section */

/* Begin PBXResourcesBuildPhase section */
		6D5660C3221EB12E00014498 /* Resources */ = {
			isa = PBXResourcesBuildPhase;
			buildActionMask = 2147483647;
			files = (
				6D5660E4221EB19A00014498 /* MUButton.xib in Resources */,
			);
			runOnlyForDeploymentPostprocessing = 0;
		};
		6D5660CC221EB12E00014498 /* Resources */ = {
			isa = PBXResourcesBuildPhase;
			buildActionMask = 2147483647;
			files = (
			);
			runOnlyForDeploymentPostprocessing = 0;
		};
/* End PBXResourcesBuildPhase section */

/* Begin PBXShellScriptBuildPhase section */
		6D56615022242D4500014498 /* Swiftlint */ = {
			isa = PBXShellScriptBuildPhase;
			buildActionMask = 2147483647;
			files = (
			);
			inputFileListPaths = (
			);
			inputPaths = (
			);
			name = Swiftlint;
			outputFileListPaths = (
			);
			outputPaths = (
			);
			runOnlyForDeploymentPostprocessing = 0;
			shellPath = /bin/sh;
			shellScript = "if which swiftlint >/dev/null; then\nswiftlint\nelse\necho \"warning: SwiftLint not installed, download from https://github.com/realm/SwiftLint\"\nfi\n";
		};
		6D56615122242D4700014498 /* Jazzy */ = {
			isa = PBXShellScriptBuildPhase;
			buildActionMask = 2147483647;
			files = (
			);
			inputFileListPaths = (
			);
			inputPaths = (
			);
			name = Jazzy;
			outputFileListPaths = (
			);
			outputPaths = (
			);
			runOnlyForDeploymentPostprocessing = 0;
			shellPath = /bin/sh;
			shellScript = "if which jazzy >/dev/null; then\njazzy --min-acl internal\nelse\necho \"warning: jazzy not installed, download from https://github.com/realm/jazzy\"\nfi\n";
		};
/* End PBXShellScriptBuildPhase section */

/* Begin PBXSourcesBuildPhase section */
		6D5660C1221EB12E00014498 /* Sources */ = {
			isa = PBXSourcesBuildPhase;
			buildActionMask = 2147483647;
			files = (
				6D5660E3221EB19A00014498 /* MUButton.swift in Sources */,
			);
			runOnlyForDeploymentPostprocessing = 0;
		};
		6D5660CA221EB12E00014498 /* Sources */ = {
			isa = PBXSourcesBuildPhase;
			buildActionMask = 2147483647;
			files = (
				6D5660D4221EB12E00014498 /* MUButtonTests.swift in Sources */,
			);
			runOnlyForDeploymentPostprocessing = 0;
		};
/* End PBXSourcesBuildPhase section */

/* Begin PBXTargetDependency section */
		6D5660D1221EB12E00014498 /* PBXTargetDependency */ = {
			isa = PBXTargetDependency;
			target = 6D5660C4221EB12E00014498 /* MUComponent */;
			targetProxy = 6D5660D0221EB12E00014498 /* PBXContainerItemProxy */;
		};
/* End PBXTargetDependency section */

/* Begin XCBuildConfiguration section */
		6D5660D7221EB12E00014498 /* Debug */ = {
			isa = XCBuildConfiguration;
			buildSettings = {
				ALWAYS_SEARCH_USER_PATHS = NO;
				CLANG_ANALYZER_NONNULL = YES;
				CLANG_ANALYZER_NUMBER_OBJECT_CONVERSION = YES_AGGRESSIVE;
				CLANG_CXX_LANGUAGE_STANDARD = "gnu++14";
				CLANG_CXX_LIBRARY = "libc++";
				CLANG_ENABLE_MODULES = YES;
				CLANG_ENABLE_OBJC_ARC = YES;
				CLANG_ENABLE_OBJC_WEAK = YES;
				CLANG_WARN_BLOCK_CAPTURE_AUTORELEASING = YES;
				CLANG_WARN_BOOL_CONVERSION = YES;
				CLANG_WARN_COMMA = YES;
				CLANG_WARN_CONSTANT_CONVERSION = YES;
				CLANG_WARN_DEPRECATED_OBJC_IMPLEMENTATIONS = YES;
				CLANG_WARN_DIRECT_OBJC_ISA_USAGE = YES_ERROR;
				CLANG_WARN_DOCUMENTATION_COMMENTS = YES;
				CLANG_WARN_EMPTY_BODY = YES;
				CLANG_WARN_ENUM_CONVERSION = YES;
				CLANG_WARN_INFINITE_RECURSION = YES;
				CLANG_WARN_INT_CONVERSION = YES;
				CLANG_WARN_NON_LITERAL_NULL_CONVERSION = YES;
				CLANG_WARN_OBJC_IMPLICIT_RETAIN_SELF = YES;
				CLANG_WARN_OBJC_LITERAL_CONVERSION = YES;
				CLANG_WARN_OBJC_ROOT_CLASS = YES_ERROR;
				CLANG_WARN_RANGE_LOOP_ANALYSIS = YES;
				CLANG_WARN_STRICT_PROTOTYPES = YES;
				CLANG_WARN_SUSPICIOUS_MOVE = YES;
				CLANG_WARN_UNGUARDED_AVAILABILITY = YES_AGGRESSIVE;
				CLANG_WARN_UNREACHABLE_CODE = YES;
				CLANG_WARN__DUPLICATE_METHOD_MATCH = YES;
				CODE_SIGN_IDENTITY = "iPhone Developer";
				COPY_PHASE_STRIP = NO;
				CURRENT_PROJECT_VERSION = 1;
				DEBUG_INFORMATION_FORMAT = dwarf;
				ENABLE_STRICT_OBJC_MSGSEND = YES;
				ENABLE_TESTABILITY = YES;
				GCC_C_LANGUAGE_STANDARD = gnu11;
				GCC_DYNAMIC_NO_PIC = NO;
				GCC_NO_COMMON_BLOCKS = YES;
				GCC_OPTIMIZATION_LEVEL = 0;
				GCC_PREPROCESSOR_DEFINITIONS = (
					"DEBUG=1",
					"$(inherited)",
				);
				GCC_WARN_64_TO_32_BIT_CONVERSION = YES;
				GCC_WARN_ABOUT_RETURN_TYPE = YES_ERROR;
				GCC_WARN_UNDECLARED_SELECTOR = YES;
				GCC_WARN_UNINITIALIZED_AUTOS = YES_AGGRESSIVE;
				GCC_WARN_UNUSED_FUNCTION = YES;
				GCC_WARN_UNUSED_VARIABLE = YES;
				IPHONEOS_DEPLOYMENT_TARGET = 12.1;
				MTL_ENABLE_DEBUG_INFO = INCLUDE_SOURCE;
				MTL_FAST_MATH = YES;
				ONLY_ACTIVE_ARCH = YES;
				SDKROOT = iphoneos;
				SWIFT_ACTIVE_COMPILATION_CONDITIONS = DEBUG;
				SWIFT_OPTIMIZATION_LEVEL = "-Onone";
				VERSIONING_SYSTEM = "apple-generic";
				VERSION_INFO_PREFIX = "";
			};
			name = Debug;
		};
		6D5660D8221EB12E00014498 /* Release */ = {
			isa = XCBuildConfiguration;
			buildSettings = {
				ALWAYS_SEARCH_USER_PATHS = NO;
				CLANG_ANALYZER_NONNULL = YES;
				CLANG_ANALYZER_NUMBER_OBJECT_CONVERSION = YES_AGGRESSIVE;
				CLANG_CXX_LANGUAGE_STANDARD = "gnu++14";
				CLANG_CXX_LIBRARY = "libc++";
				CLANG_ENABLE_MODULES = YES;
				CLANG_ENABLE_OBJC_ARC = YES;
				CLANG_ENABLE_OBJC_WEAK = YES;
				CLANG_WARN_BLOCK_CAPTURE_AUTORELEASING = YES;
				CLANG_WARN_BOOL_CONVERSION = YES;
				CLANG_WARN_COMMA = YES;
				CLANG_WARN_CONSTANT_CONVERSION = YES;
				CLANG_WARN_DEPRECATED_OBJC_IMPLEMENTATIONS = YES;
				CLANG_WARN_DIRECT_OBJC_ISA_USAGE = YES_ERROR;
				CLANG_WARN_DOCUMENTATION_COMMENTS = YES;
				CLANG_WARN_EMPTY_BODY = YES;
				CLANG_WARN_ENUM_CONVERSION = YES;
				CLANG_WARN_INFINITE_RECURSION = YES;
				CLANG_WARN_INT_CONVERSION = YES;
				CLANG_WARN_NON_LITERAL_NULL_CONVERSION = YES;
				CLANG_WARN_OBJC_IMPLICIT_RETAIN_SELF = YES;
				CLANG_WARN_OBJC_LITERAL_CONVERSION = YES;
				CLANG_WARN_OBJC_ROOT_CLASS = YES_ERROR;
				CLANG_WARN_RANGE_LOOP_ANALYSIS = YES;
				CLANG_WARN_STRICT_PROTOTYPES = YES;
				CLANG_WARN_SUSPICIOUS_MOVE = YES;
				CLANG_WARN_UNGUARDED_AVAILABILITY = YES_AGGRESSIVE;
				CLANG_WARN_UNREACHABLE_CODE = YES;
				CLANG_WARN__DUPLICATE_METHOD_MATCH = YES;
				CODE_SIGN_IDENTITY = "iPhone Developer";
				COPY_PHASE_STRIP = NO;
				CURRENT_PROJECT_VERSION = 1;
				DEBUG_INFORMATION_FORMAT = "dwarf-with-dsym";
				ENABLE_NS_ASSERTIONS = NO;
				ENABLE_STRICT_OBJC_MSGSEND = YES;
				GCC_C_LANGUAGE_STANDARD = gnu11;
				GCC_NO_COMMON_BLOCKS = YES;
				GCC_WARN_64_TO_32_BIT_CONVERSION = YES;
				GCC_WARN_ABOUT_RETURN_TYPE = YES_ERROR;
				GCC_WARN_UNDECLARED_SELECTOR = YES;
				GCC_WARN_UNINITIALIZED_AUTOS = YES_AGGRESSIVE;
				GCC_WARN_UNUSED_FUNCTION = YES;
				GCC_WARN_UNUSED_VARIABLE = YES;
				IPHONEOS_DEPLOYMENT_TARGET = 12.1;
				MTL_ENABLE_DEBUG_INFO = NO;
				MTL_FAST_MATH = YES;
				SDKROOT = iphoneos;
				SWIFT_COMPILATION_MODE = wholemodule;
				SWIFT_OPTIMIZATION_LEVEL = "-O";
				VALIDATE_PRODUCT = YES;
				VERSIONING_SYSTEM = "apple-generic";
				VERSION_INFO_PREFIX = "";
			};
			name = Release;
		};
		6D5660DA221EB12E00014498 /* Debug */ = {
			isa = XCBuildConfiguration;
			buildSettings = {
				CLANG_ENABLE_MODULES = YES;
				CODE_SIGN_IDENTITY = "";
				CODE_SIGN_STYLE = Automatic;
				DEFINES_MODULE = YES;
				DEVELOPMENT_TEAM = W6S4Z2KMUS;
				DYLIB_COMPATIBILITY_VERSION = 1;
				DYLIB_CURRENT_VERSION = 1;
				DYLIB_INSTALL_NAME_BASE = "@rpath";
				INFOPLIST_FILE = MUComponent/Info.plist;
				INSTALL_PATH = "$(LOCAL_LIBRARY_DIR)/Frameworks";
				IPHONEOS_DEPLOYMENT_TARGET = 11.0;
				LD_RUNPATH_SEARCH_PATHS = (
					"$(inherited)",
					"@executable_path/Frameworks",
					"@loader_path/Frameworks",
				);
				PRODUCT_BUNDLE_IDENTIFIER = com.surfin.MUComponent;
				PRODUCT_NAME = "$(TARGET_NAME:c99extidentifier)";
				SKIP_INSTALL = YES;
				SWIFT_OPTIMIZATION_LEVEL = "-Onone";
				SWIFT_VERSION = 4.2;
				TARGETED_DEVICE_FAMILY = "1,2";
			};
			name = Debug;
		};
		6D5660DB221EB12E00014498 /* Release */ = {
			isa = XCBuildConfiguration;
			buildSettings = {
				CLANG_ENABLE_MODULES = YES;
				CODE_SIGN_IDENTITY = "";
				CODE_SIGN_STYLE = Automatic;
				DEFINES_MODULE = YES;
				DEVELOPMENT_TEAM = W6S4Z2KMUS;
				DYLIB_COMPATIBILITY_VERSION = 1;
				DYLIB_CURRENT_VERSION = 1;
				DYLIB_INSTALL_NAME_BASE = "@rpath";
				INFOPLIST_FILE = MUComponent/Info.plist;
				INSTALL_PATH = "$(LOCAL_LIBRARY_DIR)/Frameworks";
				IPHONEOS_DEPLOYMENT_TARGET = 11.0;
				LD_RUNPATH_SEARCH_PATHS = (
					"$(inherited)",
					"@executable_path/Frameworks",
					"@loader_path/Frameworks",
				);
				PRODUCT_BUNDLE_IDENTIFIER = com.surfin.MUComponent;
				PRODUCT_NAME = "$(TARGET_NAME:c99extidentifier)";
				SKIP_INSTALL = YES;
				SWIFT_VERSION = 4.2;
				TARGETED_DEVICE_FAMILY = "1,2";
			};
			name = Release;
		};
		6D5660DD221EB12E00014498 /* Debug */ = {
			isa = XCBuildConfiguration;
			buildSettings = {
				ALWAYS_EMBED_SWIFT_STANDARD_LIBRARIES = YES;
				CODE_SIGN_STYLE = Automatic;
				DEVELOPMENT_TEAM = W6S4Z2KMUS;
				INFOPLIST_FILE = MUComponentTests/Info.plist;
				LD_RUNPATH_SEARCH_PATHS = (
					"$(inherited)",
					"@executable_path/Frameworks",
					"@loader_path/Frameworks",
				);
				PRODUCT_BUNDLE_IDENTIFIER = com.surfin.MUComponentTests;
				PRODUCT_NAME = "$(TARGET_NAME)";
				SWIFT_VERSION = 4.2;
				TARGETED_DEVICE_FAMILY = "1,2";
			};
			name = Debug;
		};
		6D5660DE221EB12E00014498 /* Release */ = {
			isa = XCBuildConfiguration;
			buildSettings = {
				ALWAYS_EMBED_SWIFT_STANDARD_LIBRARIES = YES;
				CODE_SIGN_STYLE = Automatic;
				DEVELOPMENT_TEAM = W6S4Z2KMUS;
				INFOPLIST_FILE = MUComponentTests/Info.plist;
				LD_RUNPATH_SEARCH_PATHS = (
					"$(inherited)",
					"@executable_path/Frameworks",
					"@loader_path/Frameworks",
				);
				PRODUCT_BUNDLE_IDENTIFIER = com.surfin.MUComponentTests;
				PRODUCT_NAME = "$(TARGET_NAME)";
				SWIFT_VERSION = 4.2;
				TARGETED_DEVICE_FAMILY = "1,2";
			};
			name = Release;
		};
/* End XCBuildConfiguration section */

/* Begin XCConfigurationList section */
		6D5660BF221EB12E00014498 /* Build configuration list for PBXProject "MUComponent" */ = {
			isa = XCConfigurationList;
			buildConfigurations = (
				6D5660D7221EB12E00014498 /* Debug */,
				6D5660D8221EB12E00014498 /* Release */,
			);
			defaultConfigurationIsVisible = 0;
			defaultConfigurationName = Release;
		};
		6D5660D9221EB12E00014498 /* Build configuration list for PBXNativeTarget "MUComponent" */ = {
			isa = XCConfigurationList;
			buildConfigurations = (
				6D5660DA221EB12E00014498 /* Debug */,
				6D5660DB221EB12E00014498 /* Release */,
			);
			defaultConfigurationIsVisible = 0;
			defaultConfigurationName = Release;
		};
		6D5660DC221EB12E00014498 /* Build configuration list for PBXNativeTarget "MUComponentTests" */ = {
			isa = XCConfigurationList;
			buildConfigurations = (
				6D5660DD221EB12E00014498 /* Debug */,
				6D5660DE221EB12E00014498 /* Release */,
			);
			defaultConfigurationIsVisible = 0;
			defaultConfigurationName = Release;
		};
/* End XCConfigurationList section */
	};
	rootObject = 6D5660BC221EB12E00014498 /* Project object */;
}
