// !$*UTF8*$!
{
	archiveVersion = 1;
	classes = {
	};
	objectVersion = 50;
	objects = {

/* Begin PBXBuildFile section */
		6D3E541D2237B0D600729290 /* MUStatTests.swift in Sources */ = {isa = PBXBuildFile; fileRef = 6D3E541C2237B0D600729290 /* MUStatTests.swift */; };
		6D4F2F97222597AE00A0799B /* MUHorizontalPager.swift in Sources */ = {isa = PBXBuildFile; fileRef = 6D4F2F96222597AE00A0799B /* MUHorizontalPager.swift */; };
		6D4F2F99222597B700A0799B /* MUHorizontalPager.xib in Resources */ = {isa = PBXBuildFile; fileRef = 6D4F2F98222597B700A0799B /* MUHorizontalPager.xib */; };
		6D4F2FA02226AFC200A0799B /* MUPageControlTests.swift in Sources */ = {isa = PBXBuildFile; fileRef = 6D4F2F9F2226AFC200A0799B /* MUPageControlTests.swift */; };
		6D4F2FA22226AFD800A0799B /* MUHorizontalPagerTests.swift in Sources */ = {isa = PBXBuildFile; fileRef = 6D4F2FA12226AFD800A0799B /* MUHorizontalPagerTests.swift */; };
		6D4F2FAE2228396100A0799B /* MUNavigationBar.swift in Sources */ = {isa = PBXBuildFile; fileRef = 6D4F2FAC2228396100A0799B /* MUNavigationBar.swift */; };
		6D4F2FAF2228396100A0799B /* MUNavigationBar.xib in Resources */ = {isa = PBXBuildFile; fileRef = 6D4F2FAD2228396100A0799B /* MUNavigationBar.xib */; };
		6D4F2FB122283F6700A0799B /* MUNavigationBarTests.swift in Sources */ = {isa = PBXBuildFile; fileRef = 6D4F2FB022283F6700A0799B /* MUNavigationBarTests.swift */; };
		6D4F2FB3222966CA00A0799B /* MULayoutConstraint.swift in Sources */ = {isa = PBXBuildFile; fileRef = 6D4F2FB2222966CA00A0799B /* MULayoutConstraint.swift */; };
		6D704EC62225722700EB4A3F /* MUPageControl.swift in Sources */ = {isa = PBXBuildFile; fileRef = 6D704EC52225722700EB4A3F /* MUPageControl.swift */; };
		6D704EC82225781A00EB4A3F /* MUWeakProxy.swift in Sources */ = {isa = PBXBuildFile; fileRef = 6D704EC72225781A00EB4A3F /* MUWeakProxy.swift */; };
		6D8BC0D62237EE53006AFE7E /* MUToastPosition.swift in Sources */ = {isa = PBXBuildFile; fileRef = 6D8BC0D52237EE53006AFE7E /* MUToastPosition.swift */; };
		6D8BC0D82237EE8C006AFE7E /* MUToastPriority.swift in Sources */ = {isa = PBXBuildFile; fileRef = 6D8BC0D72237EE8C006AFE7E /* MUToastPriority.swift */; };
		6DD518B9222EC39F00A1611F /* MUToast.xib in Resources */ = {isa = PBXBuildFile; fileRef = 6DD518B7222EC39F00A1611F /* MUToast.xib */; };
		6DD518BA222EC39F00A1611F /* MUToast.swift in Sources */ = {isa = PBXBuildFile; fileRef = 6DD518B8222EC39F00A1611F /* MUToast.swift */; };
		6DD518BC222EC90900A1611F /* MUToastTests.swift in Sources */ = {isa = PBXBuildFile; fileRef = 6DD518BB222EC90900A1611F /* MUToastTests.swift */; };
		6DDD7E4622365C340033F5F9 /* MUPinCodeCharacterSet.swift in Sources */ = {isa = PBXBuildFile; fileRef = 6DDD7E4122365C340033F5F9 /* MUPinCodeCharacterSet.swift */; };
		6DDD7E4722365C340033F5F9 /* MUPinCodeCell.swift in Sources */ = {isa = PBXBuildFile; fileRef = 6DDD7E4222365C340033F5F9 /* MUPinCodeCell.swift */; };
		6DDD7E4822365C340033F5F9 /* MUPinCode.xib in Resources */ = {isa = PBXBuildFile; fileRef = 6DDD7E4322365C340033F5F9 /* MUPinCode.xib */; };
		6DDD7E4922365C340033F5F9 /* MUPinCode.swift in Sources */ = {isa = PBXBuildFile; fileRef = 6DDD7E4422365C340033F5F9 /* MUPinCode.swift */; };
		6DDD7E4A22365C340033F5F9 /* MUPinCodeCell.xib in Resources */ = {isa = PBXBuildFile; fileRef = 6DDD7E4522365C340033F5F9 /* MUPinCodeCell.xib */; };
		6DDD7E5222365C640033F5F9 /* MUProportionalBar.swift in Sources */ = {isa = PBXBuildFile; fileRef = 6DDD7E4C22365C630033F5F9 /* MUProportionalBar.swift */; };
		6DDD7E5322365C640033F5F9 /* MUProportionalItem.swift in Sources */ = {isa = PBXBuildFile; fileRef = 6DDD7E4D22365C630033F5F9 /* MUProportionalItem.swift */; };
		6DDD7E5422365C640033F5F9 /* MUProportionalBar.xib in Resources */ = {isa = PBXBuildFile; fileRef = 6DDD7E4E22365C630033F5F9 /* MUProportionalBar.xib */; };
		6DDD7E5522365C640033F5F9 /* MUHistogram.swift in Sources */ = {isa = PBXBuildFile; fileRef = 6DDD7E5022365C630033F5F9 /* MUHistogram.swift */; };
		6DDD7E5622365C640033F5F9 /* MUHistogram.xib in Resources */ = {isa = PBXBuildFile; fileRef = 6DDD7E5122365C630033F5F9 /* MUHistogram.xib */; };
		6DDD7E5B22365C780033F5F9 /* MUSegment.swift in Sources */ = {isa = PBXBuildFile; fileRef = 6DDD7E5822365C770033F5F9 /* MUSegment.swift */; };
		6DDD7E5C22365C780033F5F9 /* MUSegmentedControl.swift in Sources */ = {isa = PBXBuildFile; fileRef = 6DDD7E5922365C770033F5F9 /* MUSegmentedControl.swift */; };
		6DDD7E5D22365C780033F5F9 /* MUSegmentIndicatorView.swift in Sources */ = {isa = PBXBuildFile; fileRef = 6DDD7E5A22365C770033F5F9 /* MUSegmentIndicatorView.swift */; };
		6DDD7E5E22365CAB0033F5F9 /* MURadarGraphBackground.swift in Sources */ = {isa = PBXBuildFile; fileRef = F35A3DC622312D08009341D2 /* MURadarGraphBackground.swift */; };
		6DFA2BA72237FCB8004F5605 /* MURadarGraphTests.swift in Sources */ = {isa = PBXBuildFile; fileRef = 6DFA2BA02237FCB8004F5605 /* MURadarGraphTests.swift */; };
		6DFA2BA82237FCB8004F5605 /* MUSegmentedControlTests.swift in Sources */ = {isa = PBXBuildFile; fileRef = 6DFA2BA12237FCB8004F5605 /* MUSegmentedControlTests.swift */; };
		6DFA2BA92237FCB8004F5605 /* MURangeTrimmerTests.swift in Sources */ = {isa = PBXBuildFile; fileRef = 6DFA2BA22237FCB8004F5605 /* MURangeTrimmerTests.swift */; };
		6DFA2BAA2237FCB8004F5605 /* MUHistogramTests.swift in Sources */ = {isa = PBXBuildFile; fileRef = 6DFA2BA32237FCB8004F5605 /* MUHistogramTests.swift */; };
		6DFA2BAB2237FCB8004F5605 /* MUProportionalBarTests.swift in Sources */ = {isa = PBXBuildFile; fileRef = 6DFA2BA42237FCB8004F5605 /* MUProportionalBarTests.swift */; };
		6DFA2BAC2237FCB8004F5605 /* MUCircularProgressTests.swift in Sources */ = {isa = PBXBuildFile; fileRef = 6DFA2BA52237FCB8004F5605 /* MUCircularProgressTests.swift */; };
		6DFA2BAD2237FCB8004F5605 /* MUPinCodeTests.swift in Sources */ = {isa = PBXBuildFile; fileRef = 6DFA2BA62237FCB8004F5605 /* MUPinCodeTests.swift */; };
		6DFA2BAF2237FE5F004F5605 /* MUImageTests.swift in Sources */ = {isa = PBXBuildFile; fileRef = 6DFA2BAE2237FE5F004F5605 /* MUImageTests.swift */; };
		6DFA2BB12237FF20004F5605 /* MUMathTests.swift in Sources */ = {isa = PBXBuildFile; fileRef = 6DFA2BB02237FF20004F5605 /* MUMathTests.swift */; };
		6DFA2BB3223800A6004F5605 /* MUProportionalViewTests.swift in Sources */ = {isa = PBXBuildFile; fileRef = 6DFA2BB2223800A6004F5605 /* MUProportionalViewTests.swift */; };
		6DFA2BB522380164004F5605 /* MURangeTests.swift in Sources */ = {isa = PBXBuildFile; fileRef = 6DFA2BB422380163004F5605 /* MURangeTests.swift */; };
		6DFA2BB72238027C004F5605 /* MUStringTests.swift in Sources */ = {isa = PBXBuildFile; fileRef = 6DFA2BB62238027C004F5605 /* MUStringTests.swift */; };
		F30318E42225586D00171E00 /* MUNibView.swift in Sources */ = {isa = PBXBuildFile; fileRef = F30318E22225586D00171E00 /* MUNibView.swift */; };
		F30318E52225586D00171E00 /* MUView.swift in Sources */ = {isa = PBXBuildFile; fileRef = F30318E32225586D00171E00 /* MUView.swift */; };
		F30318E82225589400171E00 /* MUTopBarTests.swift in Sources */ = {isa = PBXBuildFile; fileRef = F30318E62225589400171E00 /* MUTopBarTests.swift */; };
		F30318E92225589400171E00 /* MUTextFieldTests.swift in Sources */ = {isa = PBXBuildFile; fileRef = F30318E72225589400171E00 /* MUTextFieldTests.swift */; };
		F30318ED222559B400171E00 /* MUTopBar.xib in Resources */ = {isa = PBXBuildFile; fileRef = F30318EB222559B400171E00 /* MUTopBar.xib */; };
		F30318EE222559B400171E00 /* MUTopBar.swift in Sources */ = {isa = PBXBuildFile; fileRef = F30318EC222559B400171E00 /* MUTopBar.swift */; };
		F317FF8C2236CD3A001DBDDD /* MUStat.xib in Resources */ = {isa = PBXBuildFile; fileRef = F317FF8A2236CD39001DBDDD /* MUStat.xib */; };
		F317FF8D2236CD3A001DBDDD /* MUStat.swift in Sources */ = {isa = PBXBuildFile; fileRef = F317FF8B2236CD39001DBDDD /* MUStat.swift */; };
		F317FF8F2236CD5A001DBDDD /* MUStatData.swift in Sources */ = {isa = PBXBuildFile; fileRef = F317FF8E2236CD5A001DBDDD /* MUStatData.swift */; };
		F317FF982237EECA001DBDDD /* MUCollectionButton.swift in Sources */ = {isa = PBXBuildFile; fileRef = F317FF962237EECA001DBDDD /* MUCollectionButton.swift */; };
		F317FF992237EECA001DBDDD /* MUCollectionButton.xib in Resources */ = {isa = PBXBuildFile; fileRef = F317FF972237EECA001DBDDD /* MUCollectionButton.xib */; };
		F317FF9F22380191001DBDDD /* MUCollectionItem.swift in Sources */ = {isa = PBXBuildFile; fileRef = F317FF9E22380191001DBDDD /* MUCollectionItem.swift */; };
		F317FFA32238041B001DBDDD /* MUCollectionButtonTests.swift in Sources */ = {isa = PBXBuildFile; fileRef = F317FFA22238041B001DBDDD /* MUCollectionButtonTests.swift */; };
		F33D65FA223453FA0077D7CD /* MUIndicator.xib in Resources */ = {isa = PBXBuildFile; fileRef = F33D65F8223453FA0077D7CD /* MUIndicator.xib */; };
		F33D65FB223453FA0077D7CD /* MUIndicator.swift in Sources */ = {isa = PBXBuildFile; fileRef = F33D65F9223453FA0077D7CD /* MUIndicator.swift */; };
		F33D65FF2234549D0077D7CD /* MULabelCounter.swift in Sources */ = {isa = PBXBuildFile; fileRef = F33D65FD2234549D0077D7CD /* MULabelCounter.swift */; };
		F33D66002234549D0077D7CD /* MULabelCounter.xib in Resources */ = {isa = PBXBuildFile; fileRef = F33D65FE2234549D0077D7CD /* MULabelCounter.xib */; };
		F33D660222345ADB0077D7CD /* MUIndicatorTests.swift in Sources */ = {isa = PBXBuildFile; fileRef = F33D660122345ADA0077D7CD /* MUIndicatorTests.swift */; };
		F33D6608223656B20077D7CD /* MULabelCounterTests.swift in Sources */ = {isa = PBXBuildFile; fileRef = F33D6607223656B20077D7CD /* MULabelCounterTests.swift */; };
		F35A3DA6223035A9009341D2 /* MUProportionalView.swift in Sources */ = {isa = PBXBuildFile; fileRef = F35A3DA5223035A9009341D2 /* MUProportionalView.swift */; };
		F35A3DAA22303EF6009341D2 /* MUCornerStyle.swift in Sources */ = {isa = PBXBuildFile; fileRef = F35A3DA922303EF5009341D2 /* MUCornerStyle.swift */; };
		F35A3DB222310A90009341D2 /* MUSubRangeView.swift in Sources */ = {isa = PBXBuildFile; fileRef = F35A3DAE22310A90009341D2 /* MUSubRangeView.swift */; };
		F35A3DB322310A90009341D2 /* MUSubRangeView.xib in Resources */ = {isa = PBXBuildFile; fileRef = F35A3DAF22310A90009341D2 /* MUSubRangeView.xib */; };
		F35A3DB422310A90009341D2 /* MURangeTrimmer.swift in Sources */ = {isa = PBXBuildFile; fileRef = F35A3DB022310A90009341D2 /* MURangeTrimmer.swift */; };
		F35A3DB522310A90009341D2 /* MURangeTrimmer.xib in Resources */ = {isa = PBXBuildFile; fileRef = F35A3DB122310A90009341D2 /* MURangeTrimmer.xib */; };
		F35A3DB722310B05009341D2 /* MURange.swift in Sources */ = {isa = PBXBuildFile; fileRef = F35A3DB622310B05009341D2 /* MURange.swift */; };
		F35A3DB922310BD6009341D2 /* MUSubRange.swift in Sources */ = {isa = PBXBuildFile; fileRef = F35A3DB822310BD6009341D2 /* MUSubRange.swift */; };
		F35A3DC222312478009341D2 /* MUImage.swift in Sources */ = {isa = PBXBuildFile; fileRef = F35A3DC122312478009341D2 /* MUImage.swift */; };
		F35A3DE1223159A6009341D2 /* MURadarGraph.swift in Sources */ = {isa = PBXBuildFile; fileRef = F35A3DC722312D08009341D2 /* MURadarGraph.swift */; };
		F35A3DE2223159A6009341D2 /* MURadarGraph.xib in Resources */ = {isa = PBXBuildFile; fileRef = F35A3DC822312D08009341D2 /* MURadarGraph.xib */; };
		F35A3DE3223159A6009341D2 /* MURadarGraphChart.swift in Sources */ = {isa = PBXBuildFile; fileRef = F35A3DC922312D08009341D2 /* MURadarGraphChart.swift */; };
		F35A3DE6223159A6009341D2 /* MURadarGraphStyle.swift in Sources */ = {isa = PBXBuildFile; fileRef = F35A3DD922315950009341D2 /* MURadarGraphStyle.swift */; };
		F35A3DE822315A66009341D2 /* MURadarGraphData.swift in Sources */ = {isa = PBXBuildFile; fileRef = F35A3DE722315A66009341D2 /* MURadarGraphData.swift */; };
		F35A3DEA2231636D009341D2 /* MURadarGraphBackgroundLine.swift in Sources */ = {isa = PBXBuildFile; fileRef = F35A3DE92231636D009341D2 /* MURadarGraphBackgroundLine.swift */; };
		F35A3E022231A3F0009341D2 /* MUCard.swift in Sources */ = {isa = PBXBuildFile; fileRef = F35A3E002231A3F0009341D2 /* MUCard.swift */; };
		F35A3E032231A3F0009341D2 /* MUCard.xib in Resources */ = {isa = PBXBuildFile; fileRef = F35A3E012231A3F0009341D2 /* MUCard.xib */; };
		F35A3E052231AA43009341D2 /* MUCardTests.swift in Sources */ = {isa = PBXBuildFile; fileRef = F35A3E042231AA43009341D2 /* MUCardTests.swift */; };
		F3A5790A222EEBCF00746981 /* MUString.swift in Sources */ = {isa = PBXBuildFile; fileRef = F3A57909222EEBCF00746981 /* MUString.swift */; };
		F3B377B72232CA2800F07B11 /* MUCircularProgress.swift in Sources */ = {isa = PBXBuildFile; fileRef = F3B377B52232CA2800F07B11 /* MUCircularProgress.swift */; };
		F3B377B82232CA2800F07B11 /* MUCircularProgress.xib in Resources */ = {isa = PBXBuildFile; fileRef = F3B377B62232CA2800F07B11 /* MUCircularProgress.xib */; };
		F3B377BA2232CA6300F07B11 /* MUMath.swift in Sources */ = {isa = PBXBuildFile; fileRef = F3B377B92232CA6300F07B11 /* MUMath.swift */; };
		F3B811EC22253D380004B830 /* Sejima.framework in Frameworks */ = {isa = PBXBuildFile; fileRef = F3B811E222253D380004B830 /* Sejima.framework */; };
		F3B8121722253DC00004B830 /* MUButtonTests.swift in Sources */ = {isa = PBXBuildFile; fileRef = F3B8121522253DC00004B830 /* MUButtonTests.swift */; };
		F3B8121822253DC00004B830 /* MUHeaderTests.swift in Sources */ = {isa = PBXBuildFile; fileRef = F3B8121622253DC00004B830 /* MUHeaderTests.swift */; };
		F3B8121A22253DD50004B830 /* MUCoreTests.swift in Sources */ = {isa = PBXBuildFile; fileRef = F3B8121922253DD50004B830 /* MUCoreTests.swift */; };
		F3B8122A22253F040004B830 /* MUHeader.xib in Resources */ = {isa = PBXBuildFile; fileRef = F3B8121F22253F040004B830 /* MUHeader.xib */; };
		F3B8122B22253F040004B830 /* MUHeader.swift in Sources */ = {isa = PBXBuildFile; fileRef = F3B8122022253F040004B830 /* MUHeader.swift */; };
		F3B8122C22253F040004B830 /* MUButton.swift in Sources */ = {isa = PBXBuildFile; fileRef = F3B8122222253F040004B830 /* MUButton.swift */; };
		F3B8122D22253F040004B830 /* MUButton.xib in Resources */ = {isa = PBXBuildFile; fileRef = F3B8122322253F040004B830 /* MUButton.xib */; };
		F3B8123022253F040004B830 /* MUTextField.xib in Resources */ = {isa = PBXBuildFile; fileRef = F3B8122822253F040004B830 /* MUTextField.xib */; };
		F3B8123122253F040004B830 /* MUTextField.swift in Sources */ = {isa = PBXBuildFile; fileRef = F3B8122922253F040004B830 /* MUTextField.swift */; };
		F3C2DD33222D9A4000C08300 /* MUAvatar.xib in Resources */ = {isa = PBXBuildFile; fileRef = F3C2DD31222D9A4000C08300 /* MUAvatar.xib */; };
		F3C2DD34222D9A4000C08300 /* MUAvatar.swift in Sources */ = {isa = PBXBuildFile; fileRef = F3C2DD32222D9A4000C08300 /* MUAvatar.swift */; };
		F3C2DD36222DA62F00C08300 /* MUAvatarTests.swift in Sources */ = {isa = PBXBuildFile; fileRef = F3C2DD35222DA62F00C08300 /* MUAvatarTests.swift */; };
/* End PBXBuildFile section */

/* Begin PBXContainerItemProxy section */
		F3B811ED22253D380004B830 /* PBXContainerItemProxy */ = {
			isa = PBXContainerItemProxy;
			containerPortal = F3B811D922253D380004B830 /* Project object */;
			proxyType = 1;
			remoteGlobalIDString = F3B811E122253D380004B830;
			remoteInfo = Sejima;
		};
/* End PBXContainerItemProxy section */

/* Begin PBXFileReference section */
		6D3E541C2237B0D600729290 /* MUStatTests.swift */ = {isa = PBXFileReference; lastKnownFileType = sourcecode.swift; path = MUStatTests.swift; sourceTree = "<group>"; };
		6D4F2F96222597AE00A0799B /* MUHorizontalPager.swift */ = {isa = PBXFileReference; fileEncoding = 4; lastKnownFileType = sourcecode.swift; path = MUHorizontalPager.swift; sourceTree = "<group>"; };
		6D4F2F98222597B700A0799B /* MUHorizontalPager.xib */ = {isa = PBXFileReference; fileEncoding = 4; lastKnownFileType = file.xib; path = MUHorizontalPager.xib; sourceTree = "<group>"; };
		6D4F2F9F2226AFC200A0799B /* MUPageControlTests.swift */ = {isa = PBXFileReference; lastKnownFileType = sourcecode.swift; path = MUPageControlTests.swift; sourceTree = "<group>"; };
		6D4F2FA12226AFD800A0799B /* MUHorizontalPagerTests.swift */ = {isa = PBXFileReference; lastKnownFileType = sourcecode.swift; path = MUHorizontalPagerTests.swift; sourceTree = "<group>"; };
		6D4F2FAC2228396100A0799B /* MUNavigationBar.swift */ = {isa = PBXFileReference; fileEncoding = 4; lastKnownFileType = sourcecode.swift; path = MUNavigationBar.swift; sourceTree = "<group>"; };
		6D4F2FAD2228396100A0799B /* MUNavigationBar.xib */ = {isa = PBXFileReference; fileEncoding = 4; lastKnownFileType = file.xib; path = MUNavigationBar.xib; sourceTree = "<group>"; };
		6D4F2FB022283F6700A0799B /* MUNavigationBarTests.swift */ = {isa = PBXFileReference; lastKnownFileType = sourcecode.swift; path = MUNavigationBarTests.swift; sourceTree = "<group>"; };
		6D4F2FB2222966CA00A0799B /* MULayoutConstraint.swift */ = {isa = PBXFileReference; lastKnownFileType = sourcecode.swift; path = MULayoutConstraint.swift; sourceTree = "<group>"; };
		6D704EC52225722700EB4A3F /* MUPageControl.swift */ = {isa = PBXFileReference; fileEncoding = 4; lastKnownFileType = sourcecode.swift; path = MUPageControl.swift; sourceTree = "<group>"; };
		6D704EC72225781A00EB4A3F /* MUWeakProxy.swift */ = {isa = PBXFileReference; fileEncoding = 4; lastKnownFileType = sourcecode.swift; path = MUWeakProxy.swift; sourceTree = "<group>"; };
		6D8BC0D52237EE53006AFE7E /* MUToastPosition.swift */ = {isa = PBXFileReference; lastKnownFileType = sourcecode.swift; path = MUToastPosition.swift; sourceTree = "<group>"; };
		6D8BC0D72237EE8C006AFE7E /* MUToastPriority.swift */ = {isa = PBXFileReference; lastKnownFileType = sourcecode.swift; path = MUToastPriority.swift; sourceTree = "<group>"; };
		6DD518B7222EC39F00A1611F /* MUToast.xib */ = {isa = PBXFileReference; fileEncoding = 4; lastKnownFileType = file.xib; path = MUToast.xib; sourceTree = "<group>"; };
		6DD518B8222EC39F00A1611F /* MUToast.swift */ = {isa = PBXFileReference; fileEncoding = 4; lastKnownFileType = sourcecode.swift; path = MUToast.swift; sourceTree = "<group>"; };
		6DD518BB222EC90900A1611F /* MUToastTests.swift */ = {isa = PBXFileReference; lastKnownFileType = sourcecode.swift; path = MUToastTests.swift; sourceTree = "<group>"; };
		6DDD7E4122365C340033F5F9 /* MUPinCodeCharacterSet.swift */ = {isa = PBXFileReference; fileEncoding = 4; lastKnownFileType = sourcecode.swift; path = MUPinCodeCharacterSet.swift; sourceTree = "<group>"; };
		6DDD7E4222365C340033F5F9 /* MUPinCodeCell.swift */ = {isa = PBXFileReference; fileEncoding = 4; lastKnownFileType = sourcecode.swift; path = MUPinCodeCell.swift; sourceTree = "<group>"; };
		6DDD7E4322365C340033F5F9 /* MUPinCode.xib */ = {isa = PBXFileReference; fileEncoding = 4; lastKnownFileType = file.xib; path = MUPinCode.xib; sourceTree = "<group>"; };
		6DDD7E4422365C340033F5F9 /* MUPinCode.swift */ = {isa = PBXFileReference; fileEncoding = 4; lastKnownFileType = sourcecode.swift; path = MUPinCode.swift; sourceTree = "<group>"; };
		6DDD7E4522365C340033F5F9 /* MUPinCodeCell.xib */ = {isa = PBXFileReference; fileEncoding = 4; lastKnownFileType = file.xib; path = MUPinCodeCell.xib; sourceTree = "<group>"; };
		6DDD7E4C22365C630033F5F9 /* MUProportionalBar.swift */ = {isa = PBXFileReference; fileEncoding = 4; lastKnownFileType = sourcecode.swift; path = MUProportionalBar.swift; sourceTree = "<group>"; };
		6DDD7E4D22365C630033F5F9 /* MUProportionalItem.swift */ = {isa = PBXFileReference; fileEncoding = 4; lastKnownFileType = sourcecode.swift; path = MUProportionalItem.swift; sourceTree = "<group>"; };
		6DDD7E4E22365C630033F5F9 /* MUProportionalBar.xib */ = {isa = PBXFileReference; fileEncoding = 4; lastKnownFileType = file.xib; path = MUProportionalBar.xib; sourceTree = "<group>"; };
		6DDD7E5022365C630033F5F9 /* MUHistogram.swift */ = {isa = PBXFileReference; fileEncoding = 4; lastKnownFileType = sourcecode.swift; path = MUHistogram.swift; sourceTree = "<group>"; };
		6DDD7E5122365C630033F5F9 /* MUHistogram.xib */ = {isa = PBXFileReference; fileEncoding = 4; lastKnownFileType = file.xib; path = MUHistogram.xib; sourceTree = "<group>"; };
		6DDD7E5822365C770033F5F9 /* MUSegment.swift */ = {isa = PBXFileReference; fileEncoding = 4; lastKnownFileType = sourcecode.swift; path = MUSegment.swift; sourceTree = "<group>"; };
		6DDD7E5922365C770033F5F9 /* MUSegmentedControl.swift */ = {isa = PBXFileReference; fileEncoding = 4; lastKnownFileType = sourcecode.swift; path = MUSegmentedControl.swift; sourceTree = "<group>"; };
		6DDD7E5A22365C770033F5F9 /* MUSegmentIndicatorView.swift */ = {isa = PBXFileReference; fileEncoding = 4; lastKnownFileType = sourcecode.swift; path = MUSegmentIndicatorView.swift; sourceTree = "<group>"; };
		6DFA2BA02237FCB8004F5605 /* MURadarGraphTests.swift */ = {isa = PBXFileReference; fileEncoding = 4; lastKnownFileType = sourcecode.swift; path = MURadarGraphTests.swift; sourceTree = "<group>"; };
		6DFA2BA12237FCB8004F5605 /* MUSegmentedControlTests.swift */ = {isa = PBXFileReference; fileEncoding = 4; lastKnownFileType = sourcecode.swift; path = MUSegmentedControlTests.swift; sourceTree = "<group>"; };
		6DFA2BA22237FCB8004F5605 /* MURangeTrimmerTests.swift */ = {isa = PBXFileReference; fileEncoding = 4; lastKnownFileType = sourcecode.swift; path = MURangeTrimmerTests.swift; sourceTree = "<group>"; };
		6DFA2BA32237FCB8004F5605 /* MUHistogramTests.swift */ = {isa = PBXFileReference; fileEncoding = 4; lastKnownFileType = sourcecode.swift; path = MUHistogramTests.swift; sourceTree = "<group>"; };
		6DFA2BA42237FCB8004F5605 /* MUProportionalBarTests.swift */ = {isa = PBXFileReference; fileEncoding = 4; lastKnownFileType = sourcecode.swift; path = MUProportionalBarTests.swift; sourceTree = "<group>"; };
		6DFA2BA52237FCB8004F5605 /* MUCircularProgressTests.swift */ = {isa = PBXFileReference; fileEncoding = 4; lastKnownFileType = sourcecode.swift; path = MUCircularProgressTests.swift; sourceTree = "<group>"; };
		6DFA2BA62237FCB8004F5605 /* MUPinCodeTests.swift */ = {isa = PBXFileReference; fileEncoding = 4; lastKnownFileType = sourcecode.swift; path = MUPinCodeTests.swift; sourceTree = "<group>"; };
		6DFA2BAE2237FE5F004F5605 /* MUImageTests.swift */ = {isa = PBXFileReference; lastKnownFileType = sourcecode.swift; path = MUImageTests.swift; sourceTree = "<group>"; };
		6DFA2BB02237FF20004F5605 /* MUMathTests.swift */ = {isa = PBXFileReference; lastKnownFileType = sourcecode.swift; path = MUMathTests.swift; sourceTree = "<group>"; };
		6DFA2BB2223800A6004F5605 /* MUProportionalViewTests.swift */ = {isa = PBXFileReference; lastKnownFileType = sourcecode.swift; path = MUProportionalViewTests.swift; sourceTree = "<group>"; };
		6DFA2BB422380163004F5605 /* MURangeTests.swift */ = {isa = PBXFileReference; lastKnownFileType = sourcecode.swift; path = MURangeTests.swift; sourceTree = "<group>"; };
		6DFA2BB62238027C004F5605 /* MUStringTests.swift */ = {isa = PBXFileReference; lastKnownFileType = sourcecode.swift; path = MUStringTests.swift; sourceTree = "<group>"; };
		F30318E22225586D00171E00 /* MUNibView.swift */ = {isa = PBXFileReference; fileEncoding = 4; lastKnownFileType = sourcecode.swift; path = MUNibView.swift; sourceTree = "<group>"; };
		F30318E32225586D00171E00 /* MUView.swift */ = {isa = PBXFileReference; fileEncoding = 4; lastKnownFileType = sourcecode.swift; path = MUView.swift; sourceTree = "<group>"; };
		F30318E62225589400171E00 /* MUTopBarTests.swift */ = {isa = PBXFileReference; fileEncoding = 4; lastKnownFileType = sourcecode.swift; path = MUTopBarTests.swift; sourceTree = "<group>"; };
		F30318E72225589400171E00 /* MUTextFieldTests.swift */ = {isa = PBXFileReference; fileEncoding = 4; lastKnownFileType = sourcecode.swift; path = MUTextFieldTests.swift; sourceTree = "<group>"; };
		F30318EB222559B400171E00 /* MUTopBar.xib */ = {isa = PBXFileReference; fileEncoding = 4; lastKnownFileType = file.xib; path = MUTopBar.xib; sourceTree = "<group>"; };
		F30318EC222559B400171E00 /* MUTopBar.swift */ = {isa = PBXFileReference; fileEncoding = 4; lastKnownFileType = sourcecode.swift; path = MUTopBar.swift; sourceTree = "<group>"; };
		F317FF8A2236CD39001DBDDD /* MUStat.xib */ = {isa = PBXFileReference; fileEncoding = 4; lastKnownFileType = file.xib; path = MUStat.xib; sourceTree = "<group>"; };
		F317FF8B2236CD39001DBDDD /* MUStat.swift */ = {isa = PBXFileReference; fileEncoding = 4; lastKnownFileType = sourcecode.swift; path = MUStat.swift; sourceTree = "<group>"; };
		F317FF8E2236CD5A001DBDDD /* MUStatData.swift */ = {isa = PBXFileReference; lastKnownFileType = sourcecode.swift; path = MUStatData.swift; sourceTree = "<group>"; };
		F317FF962237EECA001DBDDD /* MUCollectionButton.swift */ = {isa = PBXFileReference; fileEncoding = 4; lastKnownFileType = sourcecode.swift; path = MUCollectionButton.swift; sourceTree = "<group>"; };
		F317FF972237EECA001DBDDD /* MUCollectionButton.xib */ = {isa = PBXFileReference; fileEncoding = 4; lastKnownFileType = file.xib; path = MUCollectionButton.xib; sourceTree = "<group>"; };
		F317FF9E22380191001DBDDD /* MUCollectionItem.swift */ = {isa = PBXFileReference; fileEncoding = 4; lastKnownFileType = sourcecode.swift; path = MUCollectionItem.swift; sourceTree = "<group>"; };
		F317FFA22238041B001DBDDD /* MUCollectionButtonTests.swift */ = {isa = PBXFileReference; fileEncoding = 4; lastKnownFileType = sourcecode.swift; path = MUCollectionButtonTests.swift; sourceTree = "<group>"; };
		F33D65F8223453FA0077D7CD /* MUIndicator.xib */ = {isa = PBXFileReference; fileEncoding = 4; lastKnownFileType = file.xib; path = MUIndicator.xib; sourceTree = "<group>"; };
		F33D65F9223453FA0077D7CD /* MUIndicator.swift */ = {isa = PBXFileReference; fileEncoding = 4; lastKnownFileType = sourcecode.swift; path = MUIndicator.swift; sourceTree = "<group>"; };
		F33D65FD2234549D0077D7CD /* MULabelCounter.swift */ = {isa = PBXFileReference; fileEncoding = 4; lastKnownFileType = sourcecode.swift; path = MULabelCounter.swift; sourceTree = "<group>"; };
		F33D65FE2234549D0077D7CD /* MULabelCounter.xib */ = {isa = PBXFileReference; fileEncoding = 4; lastKnownFileType = file.xib; path = MULabelCounter.xib; sourceTree = "<group>"; };
		F33D660122345ADA0077D7CD /* MUIndicatorTests.swift */ = {isa = PBXFileReference; fileEncoding = 4; lastKnownFileType = sourcecode.swift; path = MUIndicatorTests.swift; sourceTree = "<group>"; };
		F33D6607223656B20077D7CD /* MULabelCounterTests.swift */ = {isa = PBXFileReference; fileEncoding = 4; lastKnownFileType = sourcecode.swift; path = MULabelCounterTests.swift; sourceTree = "<group>"; };
		F35A3DA5223035A9009341D2 /* MUProportionalView.swift */ = {isa = PBXFileReference; lastKnownFileType = sourcecode.swift; path = MUProportionalView.swift; sourceTree = "<group>"; };
		F35A3DA922303EF5009341D2 /* MUCornerStyle.swift */ = {isa = PBXFileReference; fileEncoding = 4; lastKnownFileType = sourcecode.swift; path = MUCornerStyle.swift; sourceTree = "<group>"; };
		F35A3DAE22310A90009341D2 /* MUSubRangeView.swift */ = {isa = PBXFileReference; fileEncoding = 4; lastKnownFileType = sourcecode.swift; path = MUSubRangeView.swift; sourceTree = "<group>"; };
		F35A3DAF22310A90009341D2 /* MUSubRangeView.xib */ = {isa = PBXFileReference; fileEncoding = 4; lastKnownFileType = file.xib; path = MUSubRangeView.xib; sourceTree = "<group>"; };
		F35A3DB022310A90009341D2 /* MURangeTrimmer.swift */ = {isa = PBXFileReference; fileEncoding = 4; lastKnownFileType = sourcecode.swift; path = MURangeTrimmer.swift; sourceTree = "<group>"; };
		F35A3DB122310A90009341D2 /* MURangeTrimmer.xib */ = {isa = PBXFileReference; fileEncoding = 4; lastKnownFileType = file.xib; path = MURangeTrimmer.xib; sourceTree = "<group>"; };
		F35A3DB622310B05009341D2 /* MURange.swift */ = {isa = PBXFileReference; fileEncoding = 4; lastKnownFileType = sourcecode.swift; path = MURange.swift; sourceTree = "<group>"; };
		F35A3DB822310BD6009341D2 /* MUSubRange.swift */ = {isa = PBXFileReference; lastKnownFileType = sourcecode.swift; path = MUSubRange.swift; sourceTree = "<group>"; };
		F35A3DC122312478009341D2 /* MUImage.swift */ = {isa = PBXFileReference; lastKnownFileType = sourcecode.swift; path = MUImage.swift; sourceTree = "<group>"; };
		F35A3DC622312D08009341D2 /* MURadarGraphBackground.swift */ = {isa = PBXFileReference; fileEncoding = 4; lastKnownFileType = sourcecode.swift; path = MURadarGraphBackground.swift; sourceTree = "<group>"; };
		F35A3DC722312D08009341D2 /* MURadarGraph.swift */ = {isa = PBXFileReference; fileEncoding = 4; lastKnownFileType = sourcecode.swift; path = MURadarGraph.swift; sourceTree = "<group>"; };
		F35A3DC822312D08009341D2 /* MURadarGraph.xib */ = {isa = PBXFileReference; fileEncoding = 4; lastKnownFileType = file.xib; path = MURadarGraph.xib; sourceTree = "<group>"; };
		F35A3DC922312D08009341D2 /* MURadarGraphChart.swift */ = {isa = PBXFileReference; fileEncoding = 4; lastKnownFileType = sourcecode.swift; path = MURadarGraphChart.swift; sourceTree = "<group>"; };
		F35A3DD922315950009341D2 /* MURadarGraphStyle.swift */ = {isa = PBXFileReference; lastKnownFileType = sourcecode.swift; path = MURadarGraphStyle.swift; sourceTree = "<group>"; };
		F35A3DE722315A66009341D2 /* MURadarGraphData.swift */ = {isa = PBXFileReference; lastKnownFileType = sourcecode.swift; path = MURadarGraphData.swift; sourceTree = "<group>"; };
		F35A3DE92231636D009341D2 /* MURadarGraphBackgroundLine.swift */ = {isa = PBXFileReference; fileEncoding = 4; lastKnownFileType = sourcecode.swift; path = MURadarGraphBackgroundLine.swift; sourceTree = "<group>"; };
		F35A3E002231A3F0009341D2 /* MUCard.swift */ = {isa = PBXFileReference; fileEncoding = 4; lastKnownFileType = sourcecode.swift; path = MUCard.swift; sourceTree = "<group>"; };
		F35A3E012231A3F0009341D2 /* MUCard.xib */ = {isa = PBXFileReference; fileEncoding = 4; lastKnownFileType = file.xib; path = MUCard.xib; sourceTree = "<group>"; };
		F35A3E042231AA43009341D2 /* MUCardTests.swift */ = {isa = PBXFileReference; fileEncoding = 4; lastKnownFileType = sourcecode.swift; path = MUCardTests.swift; sourceTree = "<group>"; };
		F3A57909222EEBCF00746981 /* MUString.swift */ = {isa = PBXFileReference; lastKnownFileType = sourcecode.swift; path = MUString.swift; sourceTree = "<group>"; };
		F3B377B52232CA2800F07B11 /* MUCircularProgress.swift */ = {isa = PBXFileReference; fileEncoding = 4; lastKnownFileType = sourcecode.swift; path = MUCircularProgress.swift; sourceTree = "<group>"; };
		F3B377B62232CA2800F07B11 /* MUCircularProgress.xib */ = {isa = PBXFileReference; fileEncoding = 4; lastKnownFileType = file.xib; path = MUCircularProgress.xib; sourceTree = "<group>"; };
		F3B377B92232CA6300F07B11 /* MUMath.swift */ = {isa = PBXFileReference; lastKnownFileType = sourcecode.swift; path = MUMath.swift; sourceTree = "<group>"; };
		F3B811E222253D380004B830 /* Sejima.framework */ = {isa = PBXFileReference; explicitFileType = wrapper.framework; includeInIndex = 0; path = Sejima.framework; sourceTree = BUILT_PRODUCTS_DIR; };
		F3B811EB22253D380004B830 /* SejimaTests.xctest */ = {isa = PBXFileReference; explicitFileType = wrapper.cfbundle; includeInIndex = 0; path = SejimaTests.xctest; sourceTree = BUILT_PRODUCTS_DIR; };
		F3B811F222253D380004B830 /* Info.plist */ = {isa = PBXFileReference; lastKnownFileType = text.plist.xml; path = Info.plist; sourceTree = "<group>"; };
		F3B8121522253DC00004B830 /* MUButtonTests.swift */ = {isa = PBXFileReference; fileEncoding = 4; lastKnownFileType = sourcecode.swift; path = MUButtonTests.swift; sourceTree = "<group>"; };
		F3B8121622253DC00004B830 /* MUHeaderTests.swift */ = {isa = PBXFileReference; fileEncoding = 4; lastKnownFileType = sourcecode.swift; path = MUHeaderTests.swift; sourceTree = "<group>"; };
		F3B8121922253DD50004B830 /* MUCoreTests.swift */ = {isa = PBXFileReference; fileEncoding = 4; lastKnownFileType = sourcecode.swift; path = MUCoreTests.swift; sourceTree = "<group>"; };
		F3B8121B22253EC00004B830 /* Info.plist */ = {isa = PBXFileReference; lastKnownFileType = text.plist.xml; path = Info.plist; sourceTree = SOURCE_ROOT; };
		F3B8121C22253EC00004B830 /* Sejima.h */ = {isa = PBXFileReference; lastKnownFileType = sourcecode.c.h; path = Sejima.h; sourceTree = SOURCE_ROOT; };
		F3B8121F22253F040004B830 /* MUHeader.xib */ = {isa = PBXFileReference; fileEncoding = 4; lastKnownFileType = file.xib; path = MUHeader.xib; sourceTree = "<group>"; };
		F3B8122022253F040004B830 /* MUHeader.swift */ = {isa = PBXFileReference; fileEncoding = 4; lastKnownFileType = sourcecode.swift; path = MUHeader.swift; sourceTree = "<group>"; };
		F3B8122222253F040004B830 /* MUButton.swift */ = {isa = PBXFileReference; fileEncoding = 4; lastKnownFileType = sourcecode.swift; path = MUButton.swift; sourceTree = "<group>"; };
		F3B8122322253F040004B830 /* MUButton.xib */ = {isa = PBXFileReference; fileEncoding = 4; lastKnownFileType = file.xib; path = MUButton.xib; sourceTree = "<group>"; };
		F3B8122822253F040004B830 /* MUTextField.xib */ = {isa = PBXFileReference; fileEncoding = 4; lastKnownFileType = file.xib; path = MUTextField.xib; sourceTree = "<group>"; };
		F3B8122922253F040004B830 /* MUTextField.swift */ = {isa = PBXFileReference; fileEncoding = 4; lastKnownFileType = sourcecode.swift; path = MUTextField.swift; sourceTree = "<group>"; };
		F3C2DD31222D9A4000C08300 /* MUAvatar.xib */ = {isa = PBXFileReference; fileEncoding = 4; lastKnownFileType = file.xib; path = MUAvatar.xib; sourceTree = "<group>"; };
		F3C2DD32222D9A4000C08300 /* MUAvatar.swift */ = {isa = PBXFileReference; fileEncoding = 4; lastKnownFileType = sourcecode.swift; path = MUAvatar.swift; sourceTree = "<group>"; };
		F3C2DD35222DA62F00C08300 /* MUAvatarTests.swift */ = {isa = PBXFileReference; fileEncoding = 4; lastKnownFileType = sourcecode.swift; path = MUAvatarTests.swift; sourceTree = "<group>"; };
/* End PBXFileReference section */

/* Begin PBXFrameworksBuildPhase section */
		F3B811DF22253D380004B830 /* Frameworks */ = {
			isa = PBXFrameworksBuildPhase;
			buildActionMask = 2147483647;
			files = (
			);
			runOnlyForDeploymentPostprocessing = 0;
		};
		F3B811E822253D380004B830 /* Frameworks */ = {
			isa = PBXFrameworksBuildPhase;
			buildActionMask = 2147483647;
			files = (
				F3B811EC22253D380004B830 /* Sejima.framework in Frameworks */,
			);
			runOnlyForDeploymentPostprocessing = 0;
		};
/* End PBXFrameworksBuildPhase section */

/* Begin PBXGroup section */
		6D4F2F952225970000A0799B /* MUHorizontalPager */ = {
			isa = PBXGroup;
			children = (
				6D4F2F96222597AE00A0799B /* MUHorizontalPager.swift */,
				6D4F2F98222597B700A0799B /* MUHorizontalPager.xib */,
			);
			path = MUHorizontalPager;
			sourceTree = "<group>";
		};
		6D4F2FAB2228393200A0799B /* MUNavigationBar */ = {
			isa = PBXGroup;
			children = (
				6D4F2FAC2228396100A0799B /* MUNavigationBar.swift */,
				6D4F2FAD2228396100A0799B /* MUNavigationBar.xib */,
			);
			path = MUNavigationBar;
			sourceTree = "<group>";
		};
		6D704EC42225722700EB4A3F /* MUPageControl */ = {
			isa = PBXGroup;
			children = (
				6D704EC52225722700EB4A3F /* MUPageControl.swift */,
			);
			path = MUPageControl;
			sourceTree = "<group>";
		};
		6DD518B6222EC36A00A1611F /* MUToast */ = {
			isa = PBXGroup;
			children = (
				6DD518B8222EC39F00A1611F /* MUToast.swift */,
				6D8BC0D52237EE53006AFE7E /* MUToastPosition.swift */,
				6D8BC0D72237EE8C006AFE7E /* MUToastPriority.swift */,
				6DD518B7222EC39F00A1611F /* MUToast.xib */,
			);
			path = MUToast;
			sourceTree = "<group>";
		};
		6DDD7E3F22365B180033F5F9 /* Recovered References */ = {
			isa = PBXGroup;
			children = (
			);
			name = "Recovered References";
			sourceTree = "<group>";
		};
		6DDD7E4022365C340033F5F9 /* MUPinCode */ = {
			isa = PBXGroup;
			children = (
				6DDD7E4122365C340033F5F9 /* MUPinCodeCharacterSet.swift */,
				6DDD7E4222365C340033F5F9 /* MUPinCodeCell.swift */,
				6DDD7E4522365C340033F5F9 /* MUPinCodeCell.xib */,
				6DDD7E4422365C340033F5F9 /* MUPinCode.swift */,
				6DDD7E4322365C340033F5F9 /* MUPinCode.xib */,
			);
			path = MUPinCode;
			sourceTree = "<group>";
		};
		6DDD7E4B22365C630033F5F9 /* MUProportionalBar */ = {
			isa = PBXGroup;
			children = (
				6DDD7E4D22365C630033F5F9 /* MUProportionalItem.swift */,
				6DDD7E4C22365C630033F5F9 /* MUProportionalBar.swift */,
				6DDD7E4E22365C630033F5F9 /* MUProportionalBar.xib */,
			);
			path = MUProportionalBar;
			sourceTree = "<group>";
		};
		6DDD7E4F22365C630033F5F9 /* MUHistogram */ = {
			isa = PBXGroup;
			children = (
				6DDD7E5022365C630033F5F9 /* MUHistogram.swift */,
				6DDD7E5122365C630033F5F9 /* MUHistogram.xib */,
			);
			path = MUHistogram;
			sourceTree = "<group>";
		};
		6DDD7E5722365C770033F5F9 /* MUSegmentedControl */ = {
			isa = PBXGroup;
			children = (
				6DDD7E5822365C770033F5F9 /* MUSegment.swift */,
				6DDD7E5922365C770033F5F9 /* MUSegmentedControl.swift */,
				6DDD7E5A22365C770033F5F9 /* MUSegmentIndicatorView.swift */,
			);
			path = MUSegmentedControl;
			sourceTree = "<group>";
		};
		F30318E12225586D00171E00 /* MUCore */ = {
			isa = PBXGroup;
			children = (
				F30318E22225586D00171E00 /* MUNibView.swift */,
				F30318E32225586D00171E00 /* MUView.swift */,
				6D704EC72225781A00EB4A3F /* MUWeakProxy.swift */,
				6D4F2FB2222966CA00A0799B /* MULayoutConstraint.swift */,
				F3A57909222EEBCF00746981 /* MUString.swift */,
				F35A3DC122312478009341D2 /* MUImage.swift */,
				F35A3DA5223035A9009341D2 /* MUProportionalView.swift */,
				F35A3DA922303EF5009341D2 /* MUCornerStyle.swift */,
				F35A3DB622310B05009341D2 /* MURange.swift */,
				F3B377B92232CA6300F07B11 /* MUMath.swift */,
			);
			path = MUCore;
			sourceTree = "<group>";
		};
		F30318EA222559B400171E00 /* MUTopBar */ = {
			isa = PBXGroup;
			children = (
				F30318EC222559B400171E00 /* MUTopBar.swift */,
				F30318EB222559B400171E00 /* MUTopBar.xib */,
			);
			path = MUTopBar;
			sourceTree = "<group>";
		};
		F317FF892236CD39001DBDDD /* MUStat */ = {
			isa = PBXGroup;
			children = (
				F317FF8B2236CD39001DBDDD /* MUStat.swift */,
				F317FF8E2236CD5A001DBDDD /* MUStatData.swift */,
				F317FF8A2236CD39001DBDDD /* MUStat.xib */,
			);
			name = MUStat;
			path = Source/MUStat;
			sourceTree = SOURCE_ROOT;
		};
		F317FF952237EECA001DBDDD /* MUCollectionButton */ = {
			isa = PBXGroup;
			children = (
				F317FF962237EECA001DBDDD /* MUCollectionButton.swift */,
				F317FF9E22380191001DBDDD /* MUCollectionItem.swift */,
				F317FF972237EECA001DBDDD /* MUCollectionButton.xib */,
			);
			path = MUCollectionButton;
			sourceTree = "<group>";
		};
		F33D65F7223453FA0077D7CD /* MUIndicator */ = {
			isa = PBXGroup;
			children = (
				F33D65F9223453FA0077D7CD /* MUIndicator.swift */,
				F33D65F8223453FA0077D7CD /* MUIndicator.xib */,
			);
			path = MUIndicator;
			sourceTree = "<group>";
		};
		F33D65FC2234549D0077D7CD /* MULabelCounter */ = {
			isa = PBXGroup;
			children = (
				F33D65FD2234549D0077D7CD /* MULabelCounter.swift */,
				F33D65FE2234549D0077D7CD /* MULabelCounter.xib */,
			);
			path = MULabelCounter;
			sourceTree = "<group>";
		};
		F35A3DAD22310A90009341D2 /* MURangeTrimmer */ = {
			isa = PBXGroup;
			children = (
				F35A3DB022310A90009341D2 /* MURangeTrimmer.swift */,
				F35A3DB122310A90009341D2 /* MURangeTrimmer.xib */,
				F35A3DAE22310A90009341D2 /* MUSubRangeView.swift */,
				F35A3DAF22310A90009341D2 /* MUSubRangeView.xib */,
				F35A3DB822310BD6009341D2 /* MUSubRange.swift */,
			);
			path = MURangeTrimmer;
			sourceTree = "<group>";
		};
		F35A3DC522312D08009341D2 /* MURadarGraph */ = {
			isa = PBXGroup;
			children = (
				F35A3DC722312D08009341D2 /* MURadarGraph.swift */,
				F35A3DE722315A66009341D2 /* MURadarGraphData.swift */,
				F35A3DC922312D08009341D2 /* MURadarGraphChart.swift */,
				F35A3DC622312D08009341D2 /* MURadarGraphBackground.swift */,
				F35A3DE92231636D009341D2 /* MURadarGraphBackgroundLine.swift */,
				F35A3DD922315950009341D2 /* MURadarGraphStyle.swift */,
				F35A3DC822312D08009341D2 /* MURadarGraph.xib */,
			);
			path = MURadarGraph;
			sourceTree = "<group>";
		};
		F35A3DFF2231A3F0009341D2 /* MUCard */ = {
			isa = PBXGroup;
			children = (
				F35A3E002231A3F0009341D2 /* MUCard.swift */,
				F35A3E012231A3F0009341D2 /* MUCard.xib */,
			);
			path = MUCard;
			sourceTree = "<group>";
		};
		F3B377B42232CA2800F07B11 /* MUCircularProgress */ = {
			isa = PBXGroup;
			children = (
				F3B377B52232CA2800F07B11 /* MUCircularProgress.swift */,
				F3B377B62232CA2800F07B11 /* MUCircularProgress.xib */,
			);
			path = MUCircularProgress;
			sourceTree = "<group>";
		};
		F3B811D822253D380004B830 = {
			isa = PBXGroup;
			children = (
				F3B8121B22253EC00004B830 /* Info.plist */,
				F3B8121C22253EC00004B830 /* Sejima.h */,
				F3B8121D22253F040004B830 /* Source */,
				F3B811EF22253D380004B830 /* SejimaTests */,
				F3B811E322253D380004B830 /* Products */,
				6DDD7E3F22365B180033F5F9 /* Recovered References */,
			);
			sourceTree = "<group>";
		};
		F3B811E322253D380004B830 /* Products */ = {
			isa = PBXGroup;
			children = (
				F3B811E222253D380004B830 /* Sejima.framework */,
				F3B811EB22253D380004B830 /* SejimaTests.xctest */,
			);
			name = Products;
			sourceTree = "<group>";
		};
		F3B811EF22253D380004B830 /* SejimaTests */ = {
			isa = PBXGroup;
			children = (
				6DFA2BB62238027C004F5605 /* MUStringTests.swift */,
				6DFA2BB422380163004F5605 /* MURangeTests.swift */,
				6DFA2BB2223800A6004F5605 /* MUProportionalViewTests.swift */,
				6DFA2BB02237FF20004F5605 /* MUMathTests.swift */,
				6DFA2BAE2237FE5F004F5605 /* MUImageTests.swift */,
				6DFA2BA52237FCB8004F5605 /* MUCircularProgressTests.swift */,
				6DFA2BA32237FCB8004F5605 /* MUHistogramTests.swift */,
				6DFA2BA62237FCB8004F5605 /* MUPinCodeTests.swift */,
				6DFA2BA42237FCB8004F5605 /* MUProportionalBarTests.swift */,
				6DFA2BA02237FCB8004F5605 /* MURadarGraphTests.swift */,
				6DFA2BA22237FCB8004F5605 /* MURangeTrimmerTests.swift */,
				6DFA2BA12237FCB8004F5605 /* MUSegmentedControlTests.swift */,
				6D3E541C2237B0D600729290 /* MUStatTests.swift */,
				F317FFA22238041B001DBDDD /* MUCollectionButtonTests.swift */,
				6DD518BB222EC90900A1611F /* MUToastTests.swift */,
				F33D6607223656B20077D7CD /* MULabelCounterTests.swift */,
				F33D660122345ADA0077D7CD /* MUIndicatorTests.swift */,
				F35A3E042231AA43009341D2 /* MUCardTests.swift */,
				F3C2DD35222DA62F00C08300 /* MUAvatarTests.swift */,
				6D4F2FB022283F6700A0799B /* MUNavigationBarTests.swift */,
				6D4F2FA12226AFD800A0799B /* MUHorizontalPagerTests.swift */,
				6D4F2F9F2226AFC200A0799B /* MUPageControlTests.swift */,
				F3B811F222253D380004B830 /* Info.plist */,
				F3B8121922253DD50004B830 /* MUCoreTests.swift */,
				F30318E72225589400171E00 /* MUTextFieldTests.swift */,
				F30318E62225589400171E00 /* MUTopBarTests.swift */,
				F3B8121522253DC00004B830 /* MUButtonTests.swift */,
				F3B8121622253DC00004B830 /* MUHeaderTests.swift */,
			);
			path = SejimaTests;
			sourceTree = "<group>";
		};
		F3B8121D22253F040004B830 /* Source */ = {
			isa = PBXGroup;
			children = (
				F30318E12225586D00171E00 /* MUCore */,
				6DD518B6222EC36A00A1611F /* MUToast */,
				F35A3DFF2231A3F0009341D2 /* MUCard */,
				F3C2DD30222D9A4000C08300 /* MUAvatar */,
				F3B8121E22253F040004B830 /* MUHeader */,
				F3B8122122253F040004B830 /* MUButton */,
				F317FF952237EECA001DBDDD /* MUCollectionButton */,
				F3B8122722253F040004B830 /* MUTextField */,
				F30318EA222559B400171E00 /* MUTopBar */,
				6D704EC42225722700EB4A3F /* MUPageControl */,
				6D4F2F952225970000A0799B /* MUHorizontalPager */,
				6D4F2FAB2228393200A0799B /* MUNavigationBar */,
				6DDD7E5722365C770033F5F9 /* MUSegmentedControl */,
				F35A3DAD22310A90009341D2 /* MURangeTrimmer */,
				F35A3DC522312D08009341D2 /* MURadarGraph */,
				6DDD7E4022365C340033F5F9 /* MUPinCode */,
				F33D65F7223453FA0077D7CD /* MUIndicator */,
				F33D65FC2234549D0077D7CD /* MULabelCounter */,
				F3B377B42232CA2800F07B11 /* MUCircularProgress */,
				F317FF892236CD39001DBDDD /* MUStat */,
				6DDD7E4F22365C630033F5F9 /* MUHistogram */,
				6DDD7E4B22365C630033F5F9 /* MUProportionalBar */,
			);
			path = Source;
			sourceTree = SOURCE_ROOT;
		};
		F3B8121E22253F040004B830 /* MUHeader */ = {
			isa = PBXGroup;
			children = (
				F3B8122022253F040004B830 /* MUHeader.swift */,
				F3B8121F22253F040004B830 /* MUHeader.xib */,
			);
			path = MUHeader;
			sourceTree = "<group>";
		};
		F3B8122122253F040004B830 /* MUButton */ = {
			isa = PBXGroup;
			children = (
				F3B8122222253F040004B830 /* MUButton.swift */,
				F3B8122322253F040004B830 /* MUButton.xib */,
			);
			path = MUButton;
			sourceTree = "<group>";
		};
		F3B8122722253F040004B830 /* MUTextField */ = {
			isa = PBXGroup;
			children = (
				F3B8122922253F040004B830 /* MUTextField.swift */,
				F3B8122822253F040004B830 /* MUTextField.xib */,
			);
			path = MUTextField;
			sourceTree = "<group>";
		};
		F3C2DD30222D9A4000C08300 /* MUAvatar */ = {
			isa = PBXGroup;
			children = (
				F3C2DD32222D9A4000C08300 /* MUAvatar.swift */,
				F3C2DD31222D9A4000C08300 /* MUAvatar.xib */,
			);
			path = MUAvatar;
			sourceTree = "<group>";
		};
/* End PBXGroup section */

/* Begin PBXHeadersBuildPhase section */
		F3B811DD22253D380004B830 /* Headers */ = {
			isa = PBXHeadersBuildPhase;
			buildActionMask = 2147483647;
			files = (
			);
			runOnlyForDeploymentPostprocessing = 0;
		};
/* End PBXHeadersBuildPhase section */

/* Begin PBXNativeTarget section */
		F3B811E122253D380004B830 /* Sejima */ = {
			isa = PBXNativeTarget;
			buildConfigurationList = F3B811F622253D380004B830 /* Build configuration list for PBXNativeTarget "Sejima" */;
			buildPhases = (
				F3B811DD22253D380004B830 /* Headers */,
				F3B811DE22253D380004B830 /* Sources */,
				F3B811DF22253D380004B830 /* Frameworks */,
				F3B811E022253D380004B830 /* Resources */,
				6D704EC922257B4500EB4A3F /* Swiftlint */,
				6D704ECA22257BA700EB4A3F /* Jazzy */,
			);
			buildRules = (
			);
			dependencies = (
			);
			name = Sejima;
			productName = Sejima;
			productReference = F3B811E222253D380004B830 /* Sejima.framework */;
			productType = "com.apple.product-type.framework";
		};
		F3B811EA22253D380004B830 /* SejimaTests */ = {
			isa = PBXNativeTarget;
			buildConfigurationList = F3B811F922253D380004B830 /* Build configuration list for PBXNativeTarget "SejimaTests" */;
			buildPhases = (
				F3B811E722253D380004B830 /* Sources */,
				F3B811E822253D380004B830 /* Frameworks */,
				F3B811E922253D380004B830 /* Resources */,
			);
			buildRules = (
			);
			dependencies = (
				F3B811EE22253D380004B830 /* PBXTargetDependency */,
			);
			name = SejimaTests;
			productName = SejimaTests;
			productReference = F3B811EB22253D380004B830 /* SejimaTests.xctest */;
			productType = "com.apple.product-type.bundle.unit-test";
		};
/* End PBXNativeTarget section */

/* Begin PBXProject section */
		F3B811D922253D380004B830 /* Project object */ = {
			isa = PBXProject;
			attributes = {
				LastSwiftUpdateCheck = 1010;
				LastUpgradeCheck = 1010;
				ORGANIZATIONNAME = "Loïc GRIFFIE";
				TargetAttributes = {
					F3B811E122253D380004B830 = {
						CreatedOnToolsVersion = 10.1;
					};
					F3B811EA22253D380004B830 = {
						CreatedOnToolsVersion = 10.1;
						LastSwiftMigration = 1010;
					};
				};
			};
			buildConfigurationList = F3B811DC22253D380004B830 /* Build configuration list for PBXProject "Sejima" */;
			compatibilityVersion = "Xcode 9.3";
			developmentRegion = en;
			hasScannedForEncodings = 0;
			knownRegions = (
				en,
			);
			mainGroup = F3B811D822253D380004B830;
			productRefGroup = F3B811E322253D380004B830 /* Products */;
			projectDirPath = "";
			projectRoot = "";
			targets = (
				F3B811E122253D380004B830 /* Sejima */,
				F3B811EA22253D380004B830 /* SejimaTests */,
			);
		};
/* End PBXProject section */

/* Begin PBXResourcesBuildPhase section */
		F3B811E022253D380004B830 /* Resources */ = {
			isa = PBXResourcesBuildPhase;
			buildActionMask = 2147483647;
			files = (
				F3B8123022253F040004B830 /* MUTextField.xib in Resources */,
				6DD518B9222EC39F00A1611F /* MUToast.xib in Resources */,
				F3B8122A22253F040004B830 /* MUHeader.xib in Resources */,
				6DDD7E4822365C340033F5F9 /* MUPinCode.xib in Resources */,
				F3C2DD33222D9A4000C08300 /* MUAvatar.xib in Resources */,
				F317FF8C2236CD3A001DBDDD /* MUStat.xib in Resources */,
				F33D66002234549D0077D7CD /* MULabelCounter.xib in Resources */,
				F3B8122D22253F040004B830 /* MUButton.xib in Resources */,
				F35A3DB522310A90009341D2 /* MURangeTrimmer.xib in Resources */,
				F317FF992237EECA001DBDDD /* MUCollectionButton.xib in Resources */,
				6DDD7E5422365C640033F5F9 /* MUProportionalBar.xib in Resources */,
				6D4F2FAF2228396100A0799B /* MUNavigationBar.xib in Resources */,
				F30318ED222559B400171E00 /* MUTopBar.xib in Resources */,
				F33D65FA223453FA0077D7CD /* MUIndicator.xib in Resources */,
				F3B377B82232CA2800F07B11 /* MUCircularProgress.xib in Resources */,
				6DDD7E4A22365C340033F5F9 /* MUPinCodeCell.xib in Resources */,
				6DDD7E5622365C640033F5F9 /* MUHistogram.xib in Resources */,
				6D4F2F99222597B700A0799B /* MUHorizontalPager.xib in Resources */,
				F35A3DB322310A90009341D2 /* MUSubRangeView.xib in Resources */,
				F35A3E032231A3F0009341D2 /* MUCard.xib in Resources */,
				F35A3DE2223159A6009341D2 /* MURadarGraph.xib in Resources */,
			);
			runOnlyForDeploymentPostprocessing = 0;
		};
		F3B811E922253D380004B830 /* Resources */ = {
			isa = PBXResourcesBuildPhase;
			buildActionMask = 2147483647;
			files = (
			);
			runOnlyForDeploymentPostprocessing = 0;
		};
/* End PBXResourcesBuildPhase section */

/* Begin PBXShellScriptBuildPhase section */
		6D704EC922257B4500EB4A3F /* Swiftlint */ = {
			isa = PBXShellScriptBuildPhase;
			buildActionMask = 2147483647;
			files = (
			);
			inputFileListPaths = (
			);
			inputPaths = (
			);
			name = Swiftlint;
			outputFileListPaths = (
			);
			outputPaths = (
			);
			runOnlyForDeploymentPostprocessing = 0;
			shellPath = /bin/sh;
			shellScript = "if which swiftlint >/dev/null; then\nswiftlint\nelse\necho \"warning: SwiftLint not installed, download from https://github.com/realm/SwiftLint\"\nfi\n";
		};
		6D704ECA22257BA700EB4A3F /* Jazzy */ = {
			isa = PBXShellScriptBuildPhase;
			buildActionMask = 2147483647;
			files = (
			);
			inputFileListPaths = (
			);
			inputPaths = (
			);
			name = Jazzy;
			outputFileListPaths = (
			);
			outputPaths = (
			);
			runOnlyForDeploymentPostprocessing = 0;
			shellPath = /bin/sh;
			shellScript = "#if which jazzy >/dev/null; then\n# Working command to tap in your terminal:\n#jazzy -x -workspace,Sejima.xcworkspace,-scheme,Sejima -a MoveUpwards -u https://moveupwards.dev -g https://github.com/MoveUpwards/Sejima --min-acl internal\n#else\n#echo \"warning: jazzy not installed, download from https://github.com/realm/jazzy\"\n#fi\n";
		};
/* End PBXShellScriptBuildPhase section */

/* Begin PBXSourcesBuildPhase section */
		F3B811DE22253D380004B830 /* Sources */ = {
			isa = PBXSourcesBuildPhase;
			buildActionMask = 2147483647;
			files = (
				6DDD7E5222365C640033F5F9 /* MUProportionalBar.swift in Sources */,
				6DD518BA222EC39F00A1611F /* MUToast.swift in Sources */,
				6D4F2F97222597AE00A0799B /* MUHorizontalPager.swift in Sources */,
				F35A3DB722310B05009341D2 /* MURange.swift in Sources */,
				6D4F2FAE2228396100A0799B /* MUNavigationBar.swift in Sources */,
				F317FF8D2236CD3A001DBDDD /* MUStat.swift in Sources */,
				6DDD7E4722365C340033F5F9 /* MUPinCodeCell.swift in Sources */,
				F317FF982237EECA001DBDDD /* MUCollectionButton.swift in Sources */,
				F3B377BA2232CA6300F07B11 /* MUMath.swift in Sources */,
				6D8BC0D62237EE53006AFE7E /* MUToastPosition.swift in Sources */,
				6DDD7E5C22365C780033F5F9 /* MUSegmentedControl.swift in Sources */,
				F35A3DB222310A90009341D2 /* MUSubRangeView.swift in Sources */,
				F317FF8F2236CD5A001DBDDD /* MUStatData.swift in Sources */,
				F317FF9F22380191001DBDDD /* MUCollectionItem.swift in Sources */,
				F3C2DD34222D9A4000C08300 /* MUAvatar.swift in Sources */,
				6DDD7E5522365C640033F5F9 /* MUHistogram.swift in Sources */,
				F33D65FB223453FA0077D7CD /* MUIndicator.swift in Sources */,
				F3B377B72232CA2800F07B11 /* MUCircularProgress.swift in Sources */,
				6D704EC82225781A00EB4A3F /* MUWeakProxy.swift in Sources */,
				6DDD7E5D22365C780033F5F9 /* MUSegmentIndicatorView.swift in Sources */,
				F3A5790A222EEBCF00746981 /* MUString.swift in Sources */,
				F30318E42225586D00171E00 /* MUNibView.swift in Sources */,
				F35A3DE6223159A6009341D2 /* MURadarGraphStyle.swift in Sources */,
				6D704EC62225722700EB4A3F /* MUPageControl.swift in Sources */,
				F3B8123122253F040004B830 /* MUTextField.swift in Sources */,
				6DDD7E5E22365CAB0033F5F9 /* MURadarGraphBackground.swift in Sources */,
				F30318E52225586D00171E00 /* MUView.swift in Sources */,
				F35A3DAA22303EF6009341D2 /* MUCornerStyle.swift in Sources */,
				F35A3DEA2231636D009341D2 /* MURadarGraphBackgroundLine.swift in Sources */,
				F33D65FF2234549D0077D7CD /* MULabelCounter.swift in Sources */,
				F35A3E022231A3F0009341D2 /* MUCard.swift in Sources */,
				F35A3DB922310BD6009341D2 /* MUSubRange.swift in Sources */,
				6DDD7E5322365C640033F5F9 /* MUProportionalItem.swift in Sources */,
				F3B8122B22253F040004B830 /* MUHeader.swift in Sources */,
				6D8BC0D82237EE8C006AFE7E /* MUToastPriority.swift in Sources */,
				F35A3DE3223159A6009341D2 /* MURadarGraphChart.swift in Sources */,
				F3B8122C22253F040004B830 /* MUButton.swift in Sources */,
				F35A3DB422310A90009341D2 /* MURangeTrimmer.swift in Sources */,
				6D4F2FB3222966CA00A0799B /* MULayoutConstraint.swift in Sources */,
				F35A3DC222312478009341D2 /* MUImage.swift in Sources */,
				F35A3DE822315A66009341D2 /* MURadarGraphData.swift in Sources */,
				F35A3DE1223159A6009341D2 /* MURadarGraph.swift in Sources */,
				6DDD7E4922365C340033F5F9 /* MUPinCode.swift in Sources */,
				6DDD7E5B22365C780033F5F9 /* MUSegment.swift in Sources */,
				F30318EE222559B400171E00 /* MUTopBar.swift in Sources */,
				6DDD7E4622365C340033F5F9 /* MUPinCodeCharacterSet.swift in Sources */,
				F35A3DA6223035A9009341D2 /* MUProportionalView.swift in Sources */,
			);
			runOnlyForDeploymentPostprocessing = 0;
		};
		F3B811E722253D380004B830 /* Sources */ = {
			isa = PBXSourcesBuildPhase;
			buildActionMask = 2147483647;
			files = (
				F30318E92225589400171E00 /* MUTextFieldTests.swift in Sources */,
				6DFA2BA72237FCB8004F5605 /* MURadarGraphTests.swift in Sources */,
				6D4F2FA22226AFD800A0799B /* MUHorizontalPagerTests.swift in Sources */,
				6DFA2BAB2237FCB8004F5605 /* MUProportionalBarTests.swift in Sources */,
				F3B8121822253DC00004B830 /* MUHeaderTests.swift in Sources */,
				F33D660222345ADB0077D7CD /* MUIndicatorTests.swift in Sources */,
				6D4F2FA02226AFC200A0799B /* MUPageControlTests.swift in Sources */,
				6DFA2BAF2237FE5F004F5605 /* MUImageTests.swift in Sources */,
				6DFA2BB72238027C004F5605 /* MUStringTests.swift in Sources */,
				6D3E541D2237B0D600729290 /* MUStatTests.swift in Sources */,
				6DFA2BB12237FF20004F5605 /* MUMathTests.swift in Sources */,
				6DFA2BA92237FCB8004F5605 /* MURangeTrimmerTests.swift in Sources */,
				F3B8121A22253DD50004B830 /* MUCoreTests.swift in Sources */,
				F3B8121722253DC00004B830 /* MUButtonTests.swift in Sources */,
				6DFA2BAA2237FCB8004F5605 /* MUHistogramTests.swift in Sources */,
				F30318E82225589400171E00 /* MUTopBarTests.swift in Sources */,
				6DFA2BA82237FCB8004F5605 /* MUSegmentedControlTests.swift in Sources */,
				6DFA2BAD2237FCB8004F5605 /* MUPinCodeTests.swift in Sources */,
				6DFA2BB3223800A6004F5605 /* MUProportionalViewTests.swift in Sources */,
				6DFA2BB522380164004F5605 /* MURangeTests.swift in Sources */,
				F317FFA32238041B001DBDDD /* MUCollectionButtonTests.swift in Sources */,
				6DD518BC222EC90900A1611F /* MUToastTests.swift in Sources */,
				F35A3E052231AA43009341D2 /* MUCardTests.swift in Sources */,
				F33D6608223656B20077D7CD /* MULabelCounterTests.swift in Sources */,
				6D4F2FB122283F6700A0799B /* MUNavigationBarTests.swift in Sources */,
				F3C2DD36222DA62F00C08300 /* MUAvatarTests.swift in Sources */,
				6DFA2BAC2237FCB8004F5605 /* MUCircularProgressTests.swift in Sources */,
			);
			runOnlyForDeploymentPostprocessing = 0;
		};
/* End PBXSourcesBuildPhase section */

/* Begin PBXTargetDependency section */
		F3B811EE22253D380004B830 /* PBXTargetDependency */ = {
			isa = PBXTargetDependency;
			target = F3B811E122253D380004B830 /* Sejima */;
			targetProxy = F3B811ED22253D380004B830 /* PBXContainerItemProxy */;
		};
/* End PBXTargetDependency section */

/* Begin XCBuildConfiguration section */
		F3B811F422253D380004B830 /* Debug */ = {
			isa = XCBuildConfiguration;
			buildSettings = {
				ALWAYS_SEARCH_USER_PATHS = NO;
				CLANG_ANALYZER_NONNULL = YES;
				CLANG_ANALYZER_NUMBER_OBJECT_CONVERSION = YES_AGGRESSIVE;
				CLANG_CXX_LANGUAGE_STANDARD = "gnu++14";
				CLANG_CXX_LIBRARY = "libc++";
				CLANG_ENABLE_MODULES = YES;
				CLANG_ENABLE_OBJC_ARC = YES;
				CLANG_ENABLE_OBJC_WEAK = YES;
				CLANG_WARN_BLOCK_CAPTURE_AUTORELEASING = YES;
				CLANG_WARN_BOOL_CONVERSION = YES;
				CLANG_WARN_COMMA = YES;
				CLANG_WARN_CONSTANT_CONVERSION = YES;
				CLANG_WARN_DEPRECATED_OBJC_IMPLEMENTATIONS = YES;
				CLANG_WARN_DIRECT_OBJC_ISA_USAGE = YES_ERROR;
				CLANG_WARN_DOCUMENTATION_COMMENTS = YES;
				CLANG_WARN_EMPTY_BODY = YES;
				CLANG_WARN_ENUM_CONVERSION = YES;
				CLANG_WARN_INFINITE_RECURSION = YES;
				CLANG_WARN_INT_CONVERSION = YES;
				CLANG_WARN_NON_LITERAL_NULL_CONVERSION = YES;
				CLANG_WARN_OBJC_IMPLICIT_RETAIN_SELF = YES;
				CLANG_WARN_OBJC_LITERAL_CONVERSION = YES;
				CLANG_WARN_OBJC_ROOT_CLASS = YES_ERROR;
				CLANG_WARN_RANGE_LOOP_ANALYSIS = YES;
				CLANG_WARN_STRICT_PROTOTYPES = YES;
				CLANG_WARN_SUSPICIOUS_MOVE = YES;
				CLANG_WARN_UNGUARDED_AVAILABILITY = YES_AGGRESSIVE;
				CLANG_WARN_UNREACHABLE_CODE = YES;
				CLANG_WARN__DUPLICATE_METHOD_MATCH = YES;
				CODE_SIGN_IDENTITY = "iPhone Developer";
				COPY_PHASE_STRIP = NO;
				CURRENT_PROJECT_VERSION = 1;
				DEBUG_INFORMATION_FORMAT = dwarf;
				ENABLE_STRICT_OBJC_MSGSEND = YES;
				ENABLE_TESTABILITY = YES;
				GCC_C_LANGUAGE_STANDARD = gnu11;
				GCC_DYNAMIC_NO_PIC = NO;
				GCC_NO_COMMON_BLOCKS = YES;
				GCC_OPTIMIZATION_LEVEL = 0;
				GCC_PREPROCESSOR_DEFINITIONS = (
					"DEBUG=1",
					"$(inherited)",
				);
				GCC_WARN_64_TO_32_BIT_CONVERSION = YES;
				GCC_WARN_ABOUT_RETURN_TYPE = YES_ERROR;
				GCC_WARN_UNDECLARED_SELECTOR = YES;
				GCC_WARN_UNINITIALIZED_AUTOS = YES_AGGRESSIVE;
				GCC_WARN_UNUSED_FUNCTION = YES;
				GCC_WARN_UNUSED_VARIABLE = YES;
				IPHONEOS_DEPLOYMENT_TARGET = 12.1;
				MTL_ENABLE_DEBUG_INFO = INCLUDE_SOURCE;
				MTL_FAST_MATH = YES;
				ONLY_ACTIVE_ARCH = YES;
				SDKROOT = iphoneos;
				SWIFT_ACTIVE_COMPILATION_CONDITIONS = DEBUG;
				SWIFT_OPTIMIZATION_LEVEL = "-Onone";
				VERSIONING_SYSTEM = "apple-generic";
				VERSION_INFO_PREFIX = "";
			};
			name = Debug;
		};
		F3B811F522253D380004B830 /* Release */ = {
			isa = XCBuildConfiguration;
			buildSettings = {
				ALWAYS_SEARCH_USER_PATHS = NO;
				CLANG_ANALYZER_NONNULL = YES;
				CLANG_ANALYZER_NUMBER_OBJECT_CONVERSION = YES_AGGRESSIVE;
				CLANG_CXX_LANGUAGE_STANDARD = "gnu++14";
				CLANG_CXX_LIBRARY = "libc++";
				CLANG_ENABLE_MODULES = YES;
				CLANG_ENABLE_OBJC_ARC = YES;
				CLANG_ENABLE_OBJC_WEAK = YES;
				CLANG_WARN_BLOCK_CAPTURE_AUTORELEASING = YES;
				CLANG_WARN_BOOL_CONVERSION = YES;
				CLANG_WARN_COMMA = YES;
				CLANG_WARN_CONSTANT_CONVERSION = YES;
				CLANG_WARN_DEPRECATED_OBJC_IMPLEMENTATIONS = YES;
				CLANG_WARN_DIRECT_OBJC_ISA_USAGE = YES_ERROR;
				CLANG_WARN_DOCUMENTATION_COMMENTS = YES;
				CLANG_WARN_EMPTY_BODY = YES;
				CLANG_WARN_ENUM_CONVERSION = YES;
				CLANG_WARN_INFINITE_RECURSION = YES;
				CLANG_WARN_INT_CONVERSION = YES;
				CLANG_WARN_NON_LITERAL_NULL_CONVERSION = YES;
				CLANG_WARN_OBJC_IMPLICIT_RETAIN_SELF = YES;
				CLANG_WARN_OBJC_LITERAL_CONVERSION = YES;
				CLANG_WARN_OBJC_ROOT_CLASS = YES_ERROR;
				CLANG_WARN_RANGE_LOOP_ANALYSIS = YES;
				CLANG_WARN_STRICT_PROTOTYPES = YES;
				CLANG_WARN_SUSPICIOUS_MOVE = YES;
				CLANG_WARN_UNGUARDED_AVAILABILITY = YES_AGGRESSIVE;
				CLANG_WARN_UNREACHABLE_CODE = YES;
				CLANG_WARN__DUPLICATE_METHOD_MATCH = YES;
				CODE_SIGN_IDENTITY = "iPhone Developer";
				COPY_PHASE_STRIP = NO;
				CURRENT_PROJECT_VERSION = 1;
				DEBUG_INFORMATION_FORMAT = "dwarf-with-dsym";
				ENABLE_NS_ASSERTIONS = NO;
				ENABLE_STRICT_OBJC_MSGSEND = YES;
				GCC_C_LANGUAGE_STANDARD = gnu11;
				GCC_NO_COMMON_BLOCKS = YES;
				GCC_WARN_64_TO_32_BIT_CONVERSION = YES;
				GCC_WARN_ABOUT_RETURN_TYPE = YES_ERROR;
				GCC_WARN_UNDECLARED_SELECTOR = YES;
				GCC_WARN_UNINITIALIZED_AUTOS = YES_AGGRESSIVE;
				GCC_WARN_UNUSED_FUNCTION = YES;
				GCC_WARN_UNUSED_VARIABLE = YES;
				IPHONEOS_DEPLOYMENT_TARGET = 12.1;
				MTL_ENABLE_DEBUG_INFO = NO;
				MTL_FAST_MATH = YES;
				SDKROOT = iphoneos;
				SWIFT_COMPILATION_MODE = wholemodule;
				SWIFT_OPTIMIZATION_LEVEL = "-O";
				VALIDATE_PRODUCT = YES;
				VERSIONING_SYSTEM = "apple-generic";
				VERSION_INFO_PREFIX = "";
			};
			name = Release;
		};
		F3B811F722253D380004B830 /* Debug */ = {
			isa = XCBuildConfiguration;
			buildSettings = {
				CODE_SIGN_IDENTITY = "";
				CODE_SIGN_STYLE = Automatic;
				DEFINES_MODULE = YES;
				DEVELOPMENT_TEAM = W6S4Z2KMUS;
				DYLIB_COMPATIBILITY_VERSION = 1;
				DYLIB_CURRENT_VERSION = 1;
				DYLIB_INSTALL_NAME_BASE = "@rpath";
				INFOPLIST_FILE = Info.plist;
				INSTALL_PATH = "$(LOCAL_LIBRARY_DIR)/Frameworks";
				IPHONEOS_DEPLOYMENT_TARGET = 9.1;
				LD_RUNPATH_SEARCH_PATHS = (
					"$(inherited)",
					"@executable_path/Frameworks",
					"@loader_path/Frameworks",
				);
				PRODUCT_BUNDLE_IDENTIFIER = com.surfin.Sejima;
				PRODUCT_NAME = "$(TARGET_NAME:c99extidentifier)";
				SKIP_INSTALL = YES;
				SWIFT_VERSION = 4.2;
				TARGETED_DEVICE_FAMILY = "1,2";
			};
			name = Debug;
		};
		F3B811F822253D380004B830 /* Release */ = {
			isa = XCBuildConfiguration;
			buildSettings = {
				CODE_SIGN_IDENTITY = "";
				CODE_SIGN_STYLE = Automatic;
				DEFINES_MODULE = YES;
				DEVELOPMENT_TEAM = W6S4Z2KMUS;
				DYLIB_COMPATIBILITY_VERSION = 1;
				DYLIB_CURRENT_VERSION = 1;
				DYLIB_INSTALL_NAME_BASE = "@rpath";
				INFOPLIST_FILE = Info.plist;
				INSTALL_PATH = "$(LOCAL_LIBRARY_DIR)/Frameworks";
				IPHONEOS_DEPLOYMENT_TARGET = 9.1;
				LD_RUNPATH_SEARCH_PATHS = (
					"$(inherited)",
					"@executable_path/Frameworks",
					"@loader_path/Frameworks",
				);
				PRODUCT_BUNDLE_IDENTIFIER = com.surfin.Sejima;
				PRODUCT_NAME = "$(TARGET_NAME:c99extidentifier)";
				SKIP_INSTALL = YES;
				SWIFT_VERSION = 4.2;
				TARGETED_DEVICE_FAMILY = "1,2";
			};
			name = Release;
		};
		F3B811FA22253D380004B830 /* Debug */ = {
			isa = XCBuildConfiguration;
			buildSettings = {
				ALWAYS_EMBED_SWIFT_STANDARD_LIBRARIES = YES;
				CLANG_ENABLE_MODULES = YES;
				CODE_SIGN_STYLE = Automatic;
				DEVELOPMENT_TEAM = W6S4Z2KMUS;
				INFOPLIST_FILE = SejimaTests/Info.plist;
				LD_RUNPATH_SEARCH_PATHS = (
					"$(inherited)",
					"@executable_path/Frameworks",
					"@loader_path/Frameworks",
				);
				PRODUCT_BUNDLE_IDENTIFIER = com.surfin.SejimaTests;
				PRODUCT_NAME = "$(TARGET_NAME)";
				SWIFT_OPTIMIZATION_LEVEL = "-Onone";
				SWIFT_VERSION = 4.2;
				TARGETED_DEVICE_FAMILY = "1,2";
			};
			name = Debug;
		};
		F3B811FB22253D380004B830 /* Release */ = {
			isa = XCBuildConfiguration;
			buildSettings = {
				ALWAYS_EMBED_SWIFT_STANDARD_LIBRARIES = YES;
				CLANG_ENABLE_MODULES = YES;
				CODE_SIGN_STYLE = Automatic;
				DEVELOPMENT_TEAM = W6S4Z2KMUS;
				INFOPLIST_FILE = SejimaTests/Info.plist;
				LD_RUNPATH_SEARCH_PATHS = (
					"$(inherited)",
					"@executable_path/Frameworks",
					"@loader_path/Frameworks",
				);
				PRODUCT_BUNDLE_IDENTIFIER = com.surfin.SejimaTests;
				PRODUCT_NAME = "$(TARGET_NAME)";
				SWIFT_VERSION = 4.2;
				TARGETED_DEVICE_FAMILY = "1,2";
			};
			name = Release;
		};
/* End XCBuildConfiguration section */

/* Begin XCConfigurationList section */
		F3B811DC22253D380004B830 /* Build configuration list for PBXProject "Sejima" */ = {
			isa = XCConfigurationList;
			buildConfigurations = (
				F3B811F422253D380004B830 /* Debug */,
				F3B811F522253D380004B830 /* Release */,
			);
			defaultConfigurationIsVisible = 0;
			defaultConfigurationName = Release;
		};
		F3B811F622253D380004B830 /* Build configuration list for PBXNativeTarget "Sejima" */ = {
			isa = XCConfigurationList;
			buildConfigurations = (
				F3B811F722253D380004B830 /* Debug */,
				F3B811F822253D380004B830 /* Release */,
			);
			defaultConfigurationIsVisible = 0;
			defaultConfigurationName = Release;
		};
		F3B811F922253D380004B830 /* Build configuration list for PBXNativeTarget "SejimaTests" */ = {
			isa = XCConfigurationList;
			buildConfigurations = (
				F3B811FA22253D380004B830 /* Debug */,
				F3B811FB22253D380004B830 /* Release */,
			);
			defaultConfigurationIsVisible = 0;
			defaultConfigurationName = Release;
		};
/* End XCConfigurationList section */
	};
	rootObject = F3B811D922253D380004B830 /* Project object */;
}
